PODS:
  - Adjust (5.0.0):
    - Adjust/Core (= 5.0.0)
  - Adjust/Core (5.0.0)

DEPENDENCIES:
  - Adjust (from `/Users/aditiagrawal/Work/Adjust/ios_sdk_dev`)

EXTERNAL SOURCES:
  Adjust:
    :path: "/Users/aditiagrawal/Work/Adjust/ios_sdk_dev"

SPEC CHECKSUMS:
  Adjust: bd8810d462d7df57d6d1f80ced7f496ff73fc399

PODFILE CHECKSUM: bb8e6acc1d941eb0df4be46958b2e17d34789693

COCOAPODS: 1.11.3
