PODS:
  - Adjust (5.0.0):
    - Adjust/Core (= 5.0.0)
  - Adjust/Core (5.0.0)

DEPENDENCIES:
  - Adjust (from `../../`)

EXTERNAL SOURCES:
  Adjust:
    :path: "../../"

SPEC CHECKSUMS:
  Adjust: 80f792410c23ef2a655db5930f870d536099c119

PODFILE CHECKSUM: cd271c219c5c2320dcac67c88218bb597e1fb752

COCOAPODS: 1.11.3
