// !$*UTF8*$!
{
	archiveVersion = 1;
	classes = {
	};
	objectVersion = 55;
	objects = {

/* Begin PBXBuildFile section */
		07DD76F028B4C906005A2245 /* AppDelegate.m in Sources */ = {isa = PBXBuildFile; fileRef = 07DD76EF28B4C906005A2245 /* AppDelegate.m */; };
		07DD76F328B4C906005A2245 /* SceneDelegate.m in Sources */ = {isa = PBXBuildFile; fileRef = 07DD76F228B4C906005A2245 /* SceneDelegate.m */; };
		07DD76F628B4C906005A2245 /* ViewController.m in Sources */ = {isa = PBXBuildFile; fileRef = 07DD76F528B4C906005A2245 /* ViewController.m */; };
		07DD76F928B4C906005A2245 /* Main.storyboard in Resources */ = {isa = PBXBuildFile; fileRef = 07DD76F728B4C906005A2245 /* Main.storyboard */; };
		07DD76FB28B4C906005A2245 /* Assets.xcassets in Resources */ = {isa = PBXBuildFile; fileRef = 07DD76FA28B4C906005A2245 /* Assets.xcassets */; };
		07DD76FE28B4C906005A2245 /* LaunchScreen.storyboard in Resources */ = {isa = PBXBuildFile; fileRef = 07DD76FC28B4C906005A2245 /* LaunchScreen.storyboard */; };
		07DD770128B4C906005A2245 /* main.m in Sources */ = {isa = PBXBuildFile; fileRef = 07DD770028B4C906005A2245 /* main.m */; };
		07DD772D28B4CC47005A2245 /* libAdjust.a in Frameworks */ = {isa = PBXBuildFile; fileRef = 07DD772628B4CC04005A2245 /* libAdjust.a */; settings = {ATTRIBUTES = (Required, ); }; };
/* End PBXBuildFile section */

/* Begin PBXContainerItemProxy section */
		07DD772528B4CC04005A2245 /* PBXContainerItemProxy */ = {
			isa = PBXContainerItemProxy;
			containerPortal = 07DD771D28B4CC04005A2245 /* Adjust.xcodeproj */;
			proxyType = 2;
			remoteGlobalIDString = 075D8FC628731314005019E3;
			remoteInfo = Adjust;
		};
		07DD772728B4CC04005A2245 /* PBXContainerItemProxy */ = {
			isa = PBXContainerItemProxy;
			containerPortal = 07DD771D28B4CC04005A2245 /* Adjust.xcodeproj */;
			proxyType = 2;
			remoteGlobalIDString = 075D901328731C2D005019E3;
			remoteInfo = AdjustSdk;
		};
		07DD772928B4CC04005A2245 /* PBXContainerItemProxy */ = {
			isa = PBXContainerItemProxy;
			containerPortal = 07DD771D28B4CC04005A2245 /* Adjust.xcodeproj */;
			proxyType = 2;
			remoteGlobalIDString = 075D903628744D17005019E3;
			remoteInfo = AdjustSdkTv;
		};
		07DD772B28B4CC04005A2245 /* PBXContainerItemProxy */ = {
			isa = PBXContainerItemProxy;
			containerPortal = 07DD771D28B4CC04005A2245 /* Adjust.xcodeproj */;
			proxyType = 2;
			remoteGlobalIDString = 075D905228745EBB005019E3;
			remoteInfo = AdjustSdkIm;
		};
/* End PBXContainerItemProxy section */

/* Begin PBXFileReference section */
		07DD76EB28B4C906005A2245 /* AdjustExample-ObjC.app */ = {isa = PBXFileReference; explicitFileType = wrapper.application; includeInIndex = 0; path = "AdjustExample-ObjC.app"; sourceTree = BUILT_PRODUCTS_DIR; };
		07DD76EE28B4C906005A2245 /* AppDelegate.h */ = {isa = PBXFileReference; lastKnownFileType = sourcecode.c.h; path = AppDelegate.h; sourceTree = "<group>"; };
		07DD76EF28B4C906005A2245 /* AppDelegate.m */ = {isa = PBXFileReference; lastKnownFileType = sourcecode.c.objc; path = AppDelegate.m; sourceTree = "<group>"; };
		07DD76F128B4C906005A2245 /* SceneDelegate.h */ = {isa = PBXFileReference; lastKnownFileType = sourcecode.c.h; path = SceneDelegate.h; sourceTree = "<group>"; };
		07DD76F228B4C906005A2245 /* SceneDelegate.m */ = {isa = PBXFileReference; lastKnownFileType = sourcecode.c.objc; path = SceneDelegate.m; sourceTree = "<group>"; };
		07DD76F428B4C906005A2245 /* ViewController.h */ = {isa = PBXFileReference; lastKnownFileType = sourcecode.c.h; path = ViewController.h; sourceTree = "<group>"; };
		07DD76F528B4C906005A2245 /* ViewController.m */ = {isa = PBXFileReference; lastKnownFileType = sourcecode.c.objc; path = ViewController.m; sourceTree = "<group>"; };
		07DD76F828B4C906005A2245 /* Base */ = {isa = PBXFileReference; lastKnownFileType = file.storyboard; name = Base; path = Base.lproj/Main.storyboard; sourceTree = "<group>"; };
		07DD76FA28B4C906005A2245 /* Assets.xcassets */ = {isa = PBXFileReference; lastKnownFileType = folder.assetcatalog; path = Assets.xcassets; sourceTree = "<group>"; };
		07DD76FD28B4C906005A2245 /* Base */ = {isa = PBXFileReference; lastKnownFileType = file.storyboard; name = Base; path = Base.lproj/LaunchScreen.storyboard; sourceTree = "<group>"; };
		07DD76FF28B4C906005A2245 /* Info.plist */ = {isa = PBXFileReference; lastKnownFileType = text.plist.xml; path = Info.plist; sourceTree = "<group>"; };
		07DD770028B4C906005A2245 /* main.m */ = {isa = PBXFileReference; lastKnownFileType = sourcecode.c.objc; path = main.m; sourceTree = "<group>"; };
		07DD771928B4CAF7005A2245 /* libAdjust.a */ = {isa = PBXFileReference; explicitFileType = archive.ar; path = libAdjust.a; sourceTree = BUILT_PRODUCTS_DIR; };
		07DD771B28B4CBC4005A2245 /* libAdjust.a */ = {isa = PBXFileReference; explicitFileType = archive.ar; path = libAdjust.a; sourceTree = BUILT_PRODUCTS_DIR; };
		07DD771D28B4CC04005A2245 /* Adjust.xcodeproj */ = {isa = PBXFileReference; lastKnownFileType = "wrapper.pb-project"; name = Adjust.xcodeproj; path = ../../Adjust.xcodeproj; sourceTree = "<group>"; };
/* End PBXFileReference section */

/* Begin PBXFrameworksBuildPhase section */
		07DD76E828B4C906005A2245 /* Frameworks */ = {
			isa = PBXFrameworksBuildPhase;
			buildActionMask = 2147483647;
			files = (
				07DD772D28B4CC47005A2245 /* libAdjust.a in Frameworks */,
			);
			runOnlyForDeploymentPostprocessing = 0;
		};
/* End PBXFrameworksBuildPhase section */

/* Begin PBXGroup section */
		07DD76E228B4C906005A2245 = {
			isa = PBXGroup;
			children = (
				07DD771D28B4CC04005A2245 /* Adjust.xcodeproj */,
				07DD76ED28B4C906005A2245 /* AdjustExample-ObjC */,
				07DD76EC28B4C906005A2245 /* Products */,
				07DD771728B4C92A005A2245 /* Frameworks */,
			);
			sourceTree = "<group>";
		};
		07DD76EC28B4C906005A2245 /* Products */ = {
			isa = PBXGroup;
			children = (
				07DD76EB28B4C906005A2245 /* AdjustExample-ObjC.app */,
			);
			name = Products;
			sourceTree = "<group>";
		};
		07DD76ED28B4C906005A2245 /* AdjustExample-ObjC */ = {
			isa = PBXGroup;
			children = (
				07DD76EE28B4C906005A2245 /* AppDelegate.h */,
				07DD76EF28B4C906005A2245 /* AppDelegate.m */,
				07DD76F128B4C906005A2245 /* SceneDelegate.h */,
				07DD76F228B4C906005A2245 /* SceneDelegate.m */,
				07DD76F428B4C906005A2245 /* ViewController.h */,
				07DD76F528B4C906005A2245 /* ViewController.m */,
				07DD76F728B4C906005A2245 /* Main.storyboard */,
				07DD76FA28B4C906005A2245 /* Assets.xcassets */,
				07DD76FC28B4C906005A2245 /* LaunchScreen.storyboard */,
				07DD76FF28B4C906005A2245 /* Info.plist */,
				07DD770028B4C906005A2245 /* main.m */,
			);
			path = "AdjustExample-ObjC";
			sourceTree = "<group>";
		};
		07DD771728B4C92A005A2245 /* Frameworks */ = {
			isa = PBXGroup;
			children = (
				07DD771B28B4CBC4005A2245 /* libAdjust.a */,
				07DD771928B4CAF7005A2245 /* libAdjust.a */,
			);
			name = Frameworks;
			sourceTree = "<group>";
		};
		07DD771E28B4CC04005A2245 /* Products */ = {
			isa = PBXGroup;
			children = (
				07DD772628B4CC04005A2245 /* libAdjust.a */,
				07DD772828B4CC04005A2245 /* AdjustSdk.framework */,
				07DD772A28B4CC04005A2245 /* AdjustSdkTv.framework */,
				07DD772C28B4CC04005A2245 /* AdjustSdkIm.framework */,
			);
			name = Products;
			sourceTree = "<group>";
		};
/* End PBXGroup section */

/* Begin PBXNativeTarget section */
		07DD76EA28B4C906005A2245 /* AdjustExample-ObjC */ = {
			isa = PBXNativeTarget;
			buildConfigurationList = 07DD770428B4C906005A2245 /* Build configuration list for PBXNativeTarget "AdjustExample-ObjC" */;
			buildPhases = (
				07DD76E728B4C906005A2245 /* Sources */,
				07DD76E828B4C906005A2245 /* Frameworks */,
				07DD76E928B4C906005A2245 /* Resources */,
			);
			buildRules = (
			);
			dependencies = (
			);
			name = "AdjustExample-ObjC";
			productName = "AdjustExample-ObjC";
			productReference = 07DD76EB28B4C906005A2245 /* AdjustExample-ObjC.app */;
			productType = "com.apple.product-type.application";
		};
/* End PBXNativeTarget section */

/* Begin PBXProject section */
		07DD76E328B4C906005A2245 /* Project object */ = {
			isa = PBXProject;
			attributes = {
				BuildIndependentTargetsInParallel = 1;
				LastUpgradeCheck = 1340;
				TargetAttributes = {
					07DD76EA28B4C906005A2245 = {
						CreatedOnToolsVersion = 13.4.1;
					};
				};
			};
			buildConfigurationList = 07DD76E628B4C906005A2245 /* Build configuration list for PBXProject "AdjustExample-ObjC" */;
			compatibilityVersion = "Xcode 13.0";
			developmentRegion = en;
			hasScannedForEncodings = 0;
			knownRegions = (
				en,
				Base,
			);
			mainGroup = 07DD76E228B4C906005A2245;
			productRefGroup = 07DD76EC28B4C906005A2245 /* Products */;
			projectDirPath = "";
			projectReferences = (
				{
					ProductGroup = 07DD771E28B4CC04005A2245 /* Products */;
					ProjectRef = 07DD771D28B4CC04005A2245 /* Adjust.xcodeproj */;
				},
			);
			projectRoot = "";
			targets = (
				07DD76EA28B4C906005A2245 /* AdjustExample-ObjC */,
			);
		};
/* End PBXProject section */

/* Begin PBXReferenceProxy section */
		07DD772628B4CC04005A2245 /* libAdjust.a */ = {
			isa = PBXReferenceProxy;
			fileType = archive.ar;
			path = libAdjust.a;
			remoteRef = 07DD772528B4CC04005A2245 /* PBXContainerItemProxy */;
			sourceTree = BUILT_PRODUCTS_DIR;
		};
		07DD772828B4CC04005A2245 /* AdjustSdk.framework */ = {
			isa = PBXReferenceProxy;
			fileType = wrapper.framework;
			path = AdjustSdk.framework;
			remoteRef = 07DD772728B4CC04005A2245 /* PBXContainerItemProxy */;
			sourceTree = BUILT_PRODUCTS_DIR;
		};
		07DD772A28B4CC04005A2245 /* AdjustSdkTv.framework */ = {
			isa = PBXReferenceProxy;
			fileType = wrapper.framework;
			path = AdjustSdkTv.framework;
			remoteRef = 07DD772928B4CC04005A2245 /* PBXContainerItemProxy */;
			sourceTree = BUILT_PRODUCTS_DIR;
		};
		07DD772C28B4CC04005A2245 /* AdjustSdkIm.framework */ = {
			isa = PBXReferenceProxy;
			fileType = wrapper.framework;
			path = AdjustSdkIm.framework;
			remoteRef = 07DD772B28B4CC04005A2245 /* PBXContainerItemProxy */;
			sourceTree = BUILT_PRODUCTS_DIR;
		};
/* End PBXReferenceProxy section */

/* Begin PBXResourcesBuildPhase section */
		07DD76E928B4C906005A2245 /* Resources */ = {
			isa = PBXResourcesBuildPhase;
			buildActionMask = 2147483647;
			files = (
				07DD76FE28B4C906005A2245 /* LaunchScreen.storyboard in Resources */,
				07DD76FB28B4C906005A2245 /* Assets.xcassets in Resources */,
				07DD76F928B4C906005A2245 /* Main.storyboard in Resources */,
			);
			runOnlyForDeploymentPostprocessing = 0;
		};
/* End PBXResourcesBuildPhase section */

/* Begin PBXSourcesBuildPhase section */
		07DD76E728B4C906005A2245 /* Sources */ = {
			isa = PBXSourcesBuildPhase;
			buildActionMask = 2147483647;
			files = (
				07DD76F628B4C906005A2245 /* ViewController.m in Sources */,
				07DD76F028B4C906005A2245 /* AppDelegate.m in Sources */,
				07DD770128B4C906005A2245 /* main.m in Sources */,
				07DD76F328B4C906005A2245 /* SceneDelegate.m in Sources */,
			);
			runOnlyForDeploymentPostprocessing = 0;
		};
/* End PBXSourcesBuildPhase section */

/* Begin PBXVariantGroup section */
		07DD76F728B4C906005A2245 /* Main.storyboard */ = {
			isa = PBXVariantGroup;
			children = (
				07DD76F828B4C906005A2245 /* Base */,
			);
			name = Main.storyboard;
			sourceTree = "<group>";
		};
		07DD76FC28B4C906005A2245 /* LaunchScreen.storyboard */ = {
			isa = PBXVariantGroup;
			children = (
				07DD76FD28B4C906005A2245 /* Base */,
			);
			name = LaunchScreen.storyboard;
			sourceTree = "<group>";
		};
/* End PBXVariantGroup section */

/* Begin XCBuildConfiguration section */
		07DD770228B4C906005A2245 /* Debug */ = {
			isa = XCBuildConfiguration;
			buildSettings = {
				ALWAYS_SEARCH_USER_PATHS = NO;
				CLANG_ANALYZER_NONNULL = YES;
				CLANG_ANALYZER_NUMBER_OBJECT_CONVERSION = YES_AGGRESSIVE;
				CLANG_CXX_LANGUAGE_STANDARD = "gnu++17";
				CLANG_ENABLE_MODULES = YES;
				CLANG_ENABLE_OBJC_ARC = YES;
				CLANG_ENABLE_OBJC_WEAK = YES;
				CLANG_WARN_BLOCK_CAPTURE_AUTORELEASING = YES;
				CLANG_WARN_BOOL_CONVERSION = YES;
				CLANG_WARN_COMMA = YES;
				CLANG_WARN_CONSTANT_CONVERSION = YES;
				CLANG_WARN_DEPRECATED_OBJC_IMPLEMENTATIONS = YES;
				CLANG_WARN_DIRECT_OBJC_ISA_USAGE = YES_ERROR;
				CLANG_WARN_DOCUMENTATION_COMMENTS = YES;
				CLANG_WARN_EMPTY_BODY = YES;
				CLANG_WARN_ENUM_CONVERSION = YES;
				CLANG_WARN_INFINITE_RECURSION = YES;
				CLANG_WARN_INT_CONVERSION = YES;
				CLANG_WARN_NON_LITERAL_NULL_CONVERSION = YES;
				CLANG_WARN_OBJC_IMPLICIT_RETAIN_SELF = YES;
				CLANG_WARN_OBJC_LITERAL_CONVERSION = YES;
				CLANG_WARN_OBJC_ROOT_CLASS = YES_ERROR;
				CLANG_WARN_QUOTED_INCLUDE_IN_FRAMEWORK_HEADER = YES;
				CLANG_WARN_RANGE_LOOP_ANALYSIS = YES;
				CLANG_WARN_STRICT_PROTOTYPES = YES;
				CLANG_WARN_SUSPICIOUS_MOVE = YES;
				CLANG_WARN_UNGUARDED_AVAILABILITY = YES_AGGRESSIVE;
				CLANG_WARN_UNREACHABLE_CODE = YES;
				CLANG_WARN__DUPLICATE_METHOD_MATCH = YES;
				COPY_PHASE_STRIP = NO;
				DEBUG_INFORMATION_FORMAT = dwarf;
				ENABLE_STRICT_OBJC_MSGSEND = YES;
				ENABLE_TESTABILITY = YES;
				GCC_C_LANGUAGE_STANDARD = gnu11;
				GCC_DYNAMIC_NO_PIC = NO;
				GCC_NO_COMMON_BLOCKS = YES;
				GCC_OPTIMIZATION_LEVEL = 0;
				GCC_PREPROCESSOR_DEFINITIONS = (
					"DEBUG=1",
					"$(inherited)",
				);
				GCC_WARN_64_TO_32_BIT_CONVERSION = YES;
				GCC_WARN_ABOUT_RETURN_TYPE = YES_ERROR;
				GCC_WARN_UNDECLARED_SELECTOR = YES;
				GCC_WARN_UNINITIALIZED_AUTOS = YES_AGGRESSIVE;
				GCC_WARN_UNUSED_FUNCTION = YES;
				GCC_WARN_UNUSED_VARIABLE = YES;
				IPHONEOS_DEPLOYMENT_TARGET = 15.5;
				MTL_ENABLE_DEBUG_INFO = INCLUDE_SOURCE;
				MTL_FAST_MATH = YES;
				ONLY_ACTIVE_ARCH = YES;
				SDKROOT = iphoneos;
			};
			name = Debug;
		};
		07DD770328B4C906005A2245 /* Release */ = {
			isa = XCBuildConfiguration;
			buildSettings = {
				ALWAYS_SEARCH_USER_PATHS = NO;
				CLANG_ANALYZER_NONNULL = YES;
				CLANG_ANALYZER_NUMBER_OBJECT_CONVERSION = YES_AGGRESSIVE;
				CLANG_CXX_LANGUAGE_STANDARD = "gnu++17";
				CLANG_ENABLE_MODULES = YES;
				CLANG_ENABLE_OBJC_ARC = YES;
				CLANG_ENABLE_OBJC_WEAK = YES;
				CLANG_WARN_BLOCK_CAPTURE_AUTORELEASING = YES;
				CLANG_WARN_BOOL_CONVERSION = YES;
				CLANG_WARN_COMMA = YES;
				CLANG_WARN_CONSTANT_CONVERSION = YES;
				CLANG_WARN_DEPRECATED_OBJC_IMPLEMENTATIONS = YES;
				CLANG_WARN_DIRECT_OBJC_ISA_USAGE = YES_ERROR;
				CLANG_WARN_DOCUMENTATION_COMMENTS = YES;
				CLANG_WARN_EMPTY_BODY = YES;
				CLANG_WARN_ENUM_CONVERSION = YES;
				CLANG_WARN_INFINITE_RECURSION = YES;
				CLANG_WARN_INT_CONVERSION = YES;
				CLANG_WARN_NON_LITERAL_NULL_CONVERSION = YES;
				CLANG_WARN_OBJC_IMPLICIT_RETAIN_SELF = YES;
				CLANG_WARN_OBJC_LITERAL_CONVERSION = YES;
				CLANG_WARN_OBJC_ROOT_CLASS = YES_ERROR;
				CLANG_WARN_QUOTED_INCLUDE_IN_FRAMEWORK_HEADER = YES;
				CLANG_WARN_RANGE_LOOP_ANALYSIS = YES;
				CLANG_WARN_STRICT_PROTOTYPES = YES;
				CLANG_WARN_SUSPICIOUS_MOVE = YES;
				CLANG_WARN_UNGUARDED_AVAILABILITY = YES_AGGRESSIVE;
				CLANG_WARN_UNREACHABLE_CODE = YES;
				CLANG_WARN__DUPLICATE_METHOD_MATCH = YES;
				COPY_PHASE_STRIP = NO;
				DEBUG_INFORMATION_FORMAT = "dwarf-with-dsym";
				ENABLE_NS_ASSERTIONS = NO;
				ENABLE_STRICT_OBJC_MSGSEND = YES;
				GCC_C_LANGUAGE_STANDARD = gnu11;
				GCC_NO_COMMON_BLOCKS = YES;
				GCC_WARN_64_TO_32_BIT_CONVERSION = YES;
				GCC_WARN_ABOUT_RETURN_TYPE = YES_ERROR;
				GCC_WARN_UNDECLARED_SELECTOR = YES;
				GCC_WARN_UNINITIALIZED_AUTOS = YES_AGGRESSIVE;
				GCC_WARN_UNUSED_FUNCTION = YES;
				GCC_WARN_UNUSED_VARIABLE = YES;
				IPHONEOS_DEPLOYMENT_TARGET = 15.5;
				MTL_ENABLE_DEBUG_INFO = NO;
				MTL_FAST_MATH = YES;
				SDKROOT = iphoneos;
				VALIDATE_PRODUCT = YES;
			};
			name = Release;
		};
		07DD770528B4C906005A2245 /* Debug */ = {
			isa = XCBuildConfiguration;
			buildSettings = {
				ALWAYS_SEARCH_USER_PATHS = YES;
				ASSETCATALOG_COMPILER_APPICON_NAME = AppIcon;
				ASSETCATALOG_COMPILER_GLOBAL_ACCENT_COLOR_NAME = AccentColor;
				CODE_SIGN_STYLE = Automatic;
				CURRENT_PROJECT_VERSION = 1;
				GENERATE_INFOPLIST_FILE = YES;
				INFOPLIST_FILE = "AdjustExample-ObjC/Info.plist";
				INFOPLIST_KEY_UIApplicationSupportsIndirectInputEvents = YES;
				INFOPLIST_KEY_UILaunchStoryboardName = LaunchScreen;
				INFOPLIST_KEY_UIMainStoryboardFile = Main;
				INFOPLIST_KEY_UISupportedInterfaceOrientations_iPad = "UIInterfaceOrientationPortrait UIInterfaceOrientationPortraitUpsideDown UIInterfaceOrientationLandscapeLeft UIInterfaceOrientationLandscapeRight";
				INFOPLIST_KEY_UISupportedInterfaceOrientations_iPhone = "UIInterfaceOrientationPortrait UIInterfaceOrientationLandscapeLeft UIInterfaceOrientationLandscapeRight";
				IPHONEOS_DEPLOYMENT_TARGET = 12.0;
				LD_RUNPATH_SEARCH_PATHS = (
					"$(inherited)",
					"@executable_path/Frameworks",
				);
				MARKETING_VERSION = 1.0;
				PRODUCT_BUNDLE_IDENTIFIER = "com.adjust.example.AdjustExample-ObjC";
				PRODUCT_NAME = "$(TARGET_NAME)";
				SWIFT_EMIT_LOC_STRINGS = YES;
				TARGETED_DEVICE_FAMILY = "1,2";
				USER_HEADER_SEARCH_PATHS = "$(TARGET_BUILD_DIR)/usr/local/include";
			};
			name = Debug;
		};
		07DD770628B4C906005A2245 /* Release */ = {
			isa = XCBuildConfiguration;
			buildSettings = {
				ALWAYS_SEARCH_USER_PATHS = YES;
				ASSETCATALOG_COMPILER_APPICON_NAME = AppIcon;
				ASSETCATALOG_COMPILER_GLOBAL_ACCENT_COLOR_NAME = AccentColor;
				CODE_SIGN_STYLE = Automatic;
				CURRENT_PROJECT_VERSION = 1;
				GENERATE_INFOPLIST_FILE = YES;
				INFOPLIST_FILE = "AdjustExample-ObjC/Info.plist";
				INFOPLIST_KEY_UIApplicationSupportsIndirectInputEvents = YES;
				INFOPLIST_KEY_UILaunchStoryboardName = LaunchScreen;
				INFOPLIST_KEY_UIMainStoryboardFile = Main;
				INFOPLIST_KEY_UISupportedInterfaceOrientations_iPad = "UIInterfaceOrientationPortrait UIInterfaceOrientationPortraitUpsideDown UIInterfaceOrientationLandscapeLeft UIInterfaceOrientationLandscapeRight";
				INFOPLIST_KEY_UISupportedInterfaceOrientations_iPhone = "UIInterfaceOrientationPortrait UIInterfaceOrientationLandscapeLeft UIInterfaceOrientationLandscapeRight";
				IPHONEOS_DEPLOYMENT_TARGET = 12.0;
				LD_RUNPATH_SEARCH_PATHS = (
					"$(inherited)",
					"@executable_path/Frameworks",
				);
				MARKETING_VERSION = 1.0;
				PRODUCT_BUNDLE_IDENTIFIER = "com.adjust.example.AdjustExample-ObjC";
				PRODUCT_NAME = "$(TARGET_NAME)";
				SWIFT_EMIT_LOC_STRINGS = YES;
				TARGETED_DEVICE_FAMILY = "1,2";
				USER_HEADER_SEARCH_PATHS = "$(TARGET_BUILD_DIR)/usr/local/include";
				"USER_HEADER_SEARCH_PATHS[arch=*]" = "";
			};
			name = Release;
		};
/* End XCBuildConfiguration section */

/* Begin XCConfigurationList section */
		07DD76E628B4C906005A2245 /* Build configuration list for PBXProject "AdjustExample-ObjC" */ = {
			isa = XCConfigurationList;
			buildConfigurations = (
				07DD770228B4C906005A2245 /* Debug */,
				07DD770328B4C906005A2245 /* Release */,
			);
			defaultConfigurationIsVisible = 0;
			defaultConfigurationName = Release;
		};
		07DD770428B4C906005A2245 /* Build configuration list for PBXNativeTarget "AdjustExample-ObjC" */ = {
			isa = XCConfigurationList;
			buildConfigurations = (
				07DD770528B4C906005A2245 /* Debug */,
				07DD770628B4C906005A2245 /* Release */,
			);
			defaultConfigurationIsVisible = 0;
			defaultConfigurationName = Release;
		};
/* End XCConfigurationList section */
	};
	rootObject = 07DD76E328B4C906005A2245 /* Project object */;
}
