// !$*UTF8*$!
{
	archiveVersion = 1;
	classes = {
	};
	objectVersion = 55;
	objects = {

/* Begin PBXBuildFile section */
		6F971FFC289135DD0055FD32 /* ATLUtil.m in Sources */ = {isa = PBXBuildFile; fileRef = 6F971FDB289135DC0055FD32 /* ATLUtil.m */; };
		6F971FFD289135DD0055FD32 /* ATLTestLibrary.m in Sources */ = {isa = PBXBuildFile; fileRef = 6F971FDD289135DC0055FD32 /* ATLTestLibrary.m */; };
		6F971FFE289135DD0055FD32 /* ATLUtilNetworking.m in Sources */ = {isa = PBXBuildFile; fileRef = 6F971FDF289135DC0055FD32 /* ATLUtilNetworking.m */; };
		6F971FFF289135DD0055FD32 /* ATLControlSignal.m in Sources */ = {isa = PBXBuildFile; fileRef = 6F971FE0289135DC0055FD32 /* ATLControlSignal.m */; };
		6F972000289135DD0055FD32 /* ATLControlWebSocketClient.m in Sources */ = {isa = PBXBuildFile; fileRef = 6F971FE1289135DC0055FD32 /* ATLControlWebSocketClient.m */; };
		6F972001289135DD0055FD32 /* PSWebSocketInflater.m in Sources */ = {isa = PBXBuildFile; fileRef = 6F971FE5289135DD0055FD32 /* PSWebSocketInflater.m */; };
		6F972002289135DD0055FD32 /* PSWebSocketDeflater.m in Sources */ = {isa = PBXBuildFile; fileRef = 6F971FE6289135DD0055FD32 /* PSWebSocketDeflater.m */; };
		6F972003289135DD0055FD32 /* PSWebSocketUTF8Decoder.m in Sources */ = {isa = PBXBuildFile; fileRef = 6F971FE9289135DD0055FD32 /* PSWebSocketUTF8Decoder.m */; };
		6F972004289135DD0055FD32 /* PSWebSocketDriver.m in Sources */ = {isa = PBXBuildFile; fileRef = 6F971FED289135DD0055FD32 /* PSWebSocketDriver.m */; };
		6F972005289135DD0055FD32 /* PSWebSocketBuffer.m in Sources */ = {isa = PBXBuildFile; fileRef = 6F971FEE289135DD0055FD32 /* PSWebSocketBuffer.m */; };
		6F972006289135DD0055FD32 /* PSWebSocketNetworkThread.m in Sources */ = {isa = PBXBuildFile; fileRef = 6F971FF2289135DD0055FD32 /* PSWebSocketNetworkThread.m */; };
		6F972007289135DD0055FD32 /* PSWebSocket.m in Sources */ = {isa = PBXBuildFile; fileRef = 6F971FF5289135DD0055FD32 /* PSWebSocket.m */; };
		6F972008289135DD0055FD32 /* PSWebSocketServer.m in Sources */ = {isa = PBXBuildFile; fileRef = 6F971FF7289135DD0055FD32 /* PSWebSocketServer.m */; };
		6F972009289135DD0055FD32 /* ATLSingleThreadExecutor.m in Sources */ = {isa = PBXBuildFile; fileRef = 6F971FFA289135DD0055FD32 /* ATLSingleThreadExecutor.m */; };
		6F97200A289135DD0055FD32 /* ATLBlockingQueue.m in Sources */ = {isa = PBXBuildFile; fileRef = 6F971FFB289135DD0055FD32 /* ATLBlockingQueue.m */; };
		6F97200C289136190055FD32 /* ATLTestLibrary.h in Headers */ = {isa = PBXBuildFile; fileRef = 6F971FD9289135DC0055FD32 /* ATLTestLibrary.h */; settings = {ATTRIBUTES = (Public, ); }; };
/* End PBXBuildFile section */

/* Begin PBXCopyFilesBuildPhase section */
		6F971FA128912EEE0055FD32 /* CopyFiles */ = {
			isa = PBXCopyFilesBuildPhase;
			buildActionMask = 2147483647;
			dstPath = "include/$(PRODUCT_NAME)";
			dstSubfolderSpec = 16;
			files = (
			);
			runOnlyForDeploymentPostprocessing = 0;
		};
/* End PBXCopyFilesBuildPhase section */

/* Begin PBXFileReference section */
		6F971FA328912EEE0055FD32 /* libAdjustTestLibrary.a */ = {isa = PBXFileReference; explicitFileType = archive.ar; includeInIndex = 0; path = libAdjustTestLibrary.a; sourceTree = BUILT_PRODUCTS_DIR; };
		6F971FD9289135DC0055FD32 /* ATLTestLibrary.h */ = {isa = PBXFileReference; fileEncoding = 4; lastKnownFileType = sourcecode.c.h; path = ATLTestLibrary.h; sourceTree = "<group>"; };
		6F971FDA289135DC0055FD32 /* ATLBlockingQueue.h */ = {isa = PBXFileReference; fileEncoding = 4; lastKnownFileType = sourcecode.c.h; path = ATLBlockingQueue.h; sourceTree = "<group>"; };
		6F971FDB289135DC0055FD32 /* ATLUtil.m */ = {isa = PBXFileReference; fileEncoding = 4; lastKnownFileType = sourcecode.c.objc; path = ATLUtil.m; sourceTree = "<group>"; };
		6F971FDC289135DC0055FD32 /* ATLUtilNetworking.h */ = {isa = PBXFileReference; fileEncoding = 4; lastKnownFileType = sourcecode.c.h; path = ATLUtilNetworking.h; sourceTree = "<group>"; };
		6F971FDD289135DC0055FD32 /* ATLTestLibrary.m */ = {isa = PBXFileReference; fileEncoding = 4; lastKnownFileType = sourcecode.c.objc; path = ATLTestLibrary.m; sourceTree = "<group>"; };
		6F971FDE289135DC0055FD32 /* ATLControlSignal.h */ = {isa = PBXFileReference; fileEncoding = 4; lastKnownFileType = sourcecode.c.h; path = ATLControlSignal.h; sourceTree = "<group>"; };
		6F971FDF289135DC0055FD32 /* ATLUtilNetworking.m */ = {isa = PBXFileReference; fileEncoding = 4; lastKnownFileType = sourcecode.c.objc; path = ATLUtilNetworking.m; sourceTree = "<group>"; };
		6F971FE0289135DC0055FD32 /* ATLControlSignal.m */ = {isa = PBXFileReference; fileEncoding = 4; lastKnownFileType = sourcecode.c.objc; path = ATLControlSignal.m; sourceTree = "<group>"; };
		6F971FE1289135DC0055FD32 /* ATLControlWebSocketClient.m */ = {isa = PBXFileReference; fileEncoding = 4; lastKnownFileType = sourcecode.c.objc; path = ATLControlWebSocketClient.m; sourceTree = "<group>"; };
		6F971FE2289135DC0055FD32 /* ATLUtil.h */ = {isa = PBXFileReference; fileEncoding = 4; lastKnownFileType = sourcecode.c.h; path = ATLUtil.h; sourceTree = "<group>"; };
		6F971FE3289135DC0055FD32 /* ATLSingleThreadExecutor.h */ = {isa = PBXFileReference; fileEncoding = 4; lastKnownFileType = sourcecode.c.h; path = ATLSingleThreadExecutor.h; sourceTree = "<group>"; };
		6F971FE5289135DD0055FD32 /* PSWebSocketInflater.m */ = {isa = PBXFileReference; fileEncoding = 4; lastKnownFileType = sourcecode.c.objc; path = PSWebSocketInflater.m; sourceTree = "<group>"; };
		6F971FE6289135DD0055FD32 /* PSWebSocketDeflater.m */ = {isa = PBXFileReference; fileEncoding = 4; lastKnownFileType = sourcecode.c.objc; path = PSWebSocketDeflater.m; sourceTree = "<group>"; };
		6F971FE7289135DD0055FD32 /* PSWebSocketBuffer.h */ = {isa = PBXFileReference; fileEncoding = 4; lastKnownFileType = sourcecode.c.h; path = PSWebSocketBuffer.h; sourceTree = "<group>"; };
		6F971FE8289135DD0055FD32 /* PSWebSocketNetworkThread.h */ = {isa = PBXFileReference; fileEncoding = 4; lastKnownFileType = sourcecode.c.h; path = PSWebSocketNetworkThread.h; sourceTree = "<group>"; };
		6F971FE9289135DD0055FD32 /* PSWebSocketUTF8Decoder.m */ = {isa = PBXFileReference; fileEncoding = 4; lastKnownFileType = sourcecode.c.objc; path = PSWebSocketUTF8Decoder.m; sourceTree = "<group>"; };
		6F971FEA289135DD0055FD32 /* PSWebSocket.h */ = {isa = PBXFileReference; fileEncoding = 4; lastKnownFileType = sourcecode.c.h; path = PSWebSocket.h; sourceTree = "<group>"; };
		6F971FEB289135DD0055FD32 /* PSWebSocketInternal.h */ = {isa = PBXFileReference; fileEncoding = 4; lastKnownFileType = sourcecode.c.h; path = PSWebSocketInternal.h; sourceTree = "<group>"; };
		6F971FEC289135DD0055FD32 /* PSWebSocketServer.h */ = {isa = PBXFileReference; fileEncoding = 4; lastKnownFileType = sourcecode.c.h; path = PSWebSocketServer.h; sourceTree = "<group>"; };
		6F971FED289135DD0055FD32 /* PSWebSocketDriver.m */ = {isa = PBXFileReference; fileEncoding = 4; lastKnownFileType = sourcecode.c.objc; path = PSWebSocketDriver.m; sourceTree = "<group>"; };
		6F971FEE289135DD0055FD32 /* PSWebSocketBuffer.m */ = {isa = PBXFileReference; fileEncoding = 4; lastKnownFileType = sourcecode.c.objc; path = PSWebSocketBuffer.m; sourceTree = "<group>"; };
		6F971FEF289135DD0055FD32 /* PSWebSocketDeflater.h */ = {isa = PBXFileReference; fileEncoding = 4; lastKnownFileType = sourcecode.c.h; path = PSWebSocketDeflater.h; sourceTree = "<group>"; };
		6F971FF0289135DD0055FD32 /* PSWebSocketInflater.h */ = {isa = PBXFileReference; fileEncoding = 4; lastKnownFileType = sourcecode.c.h; path = PSWebSocketInflater.h; sourceTree = "<group>"; };
		6F971FF1289135DD0055FD32 /* PSWebSocketUTF8Decoder.h */ = {isa = PBXFileReference; fileEncoding = 4; lastKnownFileType = sourcecode.c.h; path = PSWebSocketUTF8Decoder.h; sourceTree = "<group>"; };
		6F971FF2289135DD0055FD32 /* PSWebSocketNetworkThread.m */ = {isa = PBXFileReference; fileEncoding = 4; lastKnownFileType = sourcecode.c.objc; path = PSWebSocketNetworkThread.m; sourceTree = "<group>"; };
		6F971FF3289135DD0055FD32 /* PSWebSocketTypes.h */ = {isa = PBXFileReference; fileEncoding = 4; lastKnownFileType = sourcecode.c.h; path = PSWebSocketTypes.h; sourceTree = "<group>"; };
		6F971FF4289135DD0055FD32 /* PocketSocket-Prefix.pch */ = {isa = PBXFileReference; fileEncoding = 4; lastKnownFileType = sourcecode.c.h; path = "PocketSocket-Prefix.pch"; sourceTree = "<group>"; };
		6F971FF5289135DD0055FD32 /* PSWebSocket.m */ = {isa = PBXFileReference; fileEncoding = 4; lastKnownFileType = sourcecode.c.objc; path = PSWebSocket.m; sourceTree = "<group>"; };
		6F971FF6289135DD0055FD32 /* PSWebSocketDriver.h */ = {isa = PBXFileReference; fileEncoding = 4; lastKnownFileType = sourcecode.c.h; path = PSWebSocketDriver.h; sourceTree = "<group>"; };
		6F971FF7289135DD0055FD32 /* PSWebSocketServer.m */ = {isa = PBXFileReference; fileEncoding = 4; lastKnownFileType = sourcecode.c.objc; path = PSWebSocketServer.m; sourceTree = "<group>"; };
		6F971FF8289135DD0055FD32 /* ATLControlWebSocketClient.h */ = {isa = PBXFileReference; fileEncoding = 4; lastKnownFileType = sourcecode.c.h; path = ATLControlWebSocketClient.h; sourceTree = "<group>"; };
		6F971FF9289135DD0055FD32 /* ATLConstants.h */ = {isa = PBXFileReference; fileEncoding = 4; lastKnownFileType = sourcecode.c.h; path = ATLConstants.h; sourceTree = "<group>"; };
		6F971FFA289135DD0055FD32 /* ATLSingleThreadExecutor.m */ = {isa = PBXFileReference; fileEncoding = 4; lastKnownFileType = sourcecode.c.objc; path = ATLSingleThreadExecutor.m; sourceTree = "<group>"; };
		6F971FFB289135DD0055FD32 /* ATLBlockingQueue.m */ = {isa = PBXFileReference; fileEncoding = 4; lastKnownFileType = sourcecode.c.objc; path = ATLBlockingQueue.m; sourceTree = "<group>"; };
/* End PBXFileReference section */

/* Begin PBXFrameworksBuildPhase section */
		6F971FA028912EEE0055FD32 /* Frameworks */ = {
			isa = PBXFrameworksBuildPhase;
			buildActionMask = 2147483647;
			files = (
			);
			runOnlyForDeploymentPostprocessing = 0;
		};
/* End PBXFrameworksBuildPhase section */

/* Begin PBXGroup section */
		6F971F9A28912EEE0055FD32 = {
			isa = PBXGroup;
			children = (
				6F971FA528912EEE0055FD32 /* AdjustTestLibrary */,
				6F971FA428912EEE0055FD32 /* Products */,
			);
			sourceTree = "<group>";
		};
		6F971FA428912EEE0055FD32 /* Products */ = {
			isa = PBXGroup;
			children = (
				6F971FA328912EEE0055FD32 /* libAdjustTestLibrary.a */,
			);
			name = Products;
			sourceTree = "<group>";
		};
		6F971FA528912EEE0055FD32 /* AdjustTestLibrary */ = {
			isa = PBXGroup;
			children = (
				6F971FDA289135DC0055FD32 /* ATLBlockingQueue.h */,
				6F971FFB289135DD0055FD32 /* ATLBlockingQueue.m */,
				6F971FF9289135DD0055FD32 /* ATLConstants.h */,
				6F971FDE289135DC0055FD32 /* ATLControlSignal.h */,
				6F971FE0289135DC0055FD32 /* ATLControlSignal.m */,
				6F971FF8289135DD0055FD32 /* ATLControlWebSocketClient.h */,
				6F971FE1289135DC0055FD32 /* ATLControlWebSocketClient.m */,
				6F971FE3289135DC0055FD32 /* ATLSingleThreadExecutor.h */,
				6F971FFA289135DD0055FD32 /* ATLSingleThreadExecutor.m */,
				6F971FD9289135DC0055FD32 /* ATLTestLibrary.h */,
				6F971FDD289135DC0055FD32 /* ATLTestLibrary.m */,
				6F971FE2289135DC0055FD32 /* ATLUtil.h */,
				6F971FDB289135DC0055FD32 /* ATLUtil.m */,
				6F971FDC289135DC0055FD32 /* ATLUtilNetworking.h */,
				6F971FDF289135DC0055FD32 /* ATLUtilNetworking.m */,
				6F971FE4289135DD0055FD32 /* PocketSocket */,
			);
			path = AdjustTestLibrary;
			sourceTree = "<group>";
		};
		6F971FE4289135DD0055FD32 /* PocketSocket */ = {
			isa = PBXGroup;
			children = (
				6F971FE5289135DD0055FD32 /* PSWebSocketInflater.m */,
				6F971FE6289135DD0055FD32 /* PSWebSocketDeflater.m */,
				6F971FE7289135DD0055FD32 /* PSWebSocketBuffer.h */,
				6F971FE8289135DD0055FD32 /* PSWebSocketNetworkThread.h */,
				6F971FE9289135DD0055FD32 /* PSWebSocketUTF8Decoder.m */,
				6F971FEA289135DD0055FD32 /* PSWebSocket.h */,
				6F971FEB289135DD0055FD32 /* PSWebSocketInternal.h */,
				6F971FEC289135DD0055FD32 /* PSWebSocketServer.h */,
				6F971FED289135DD0055FD32 /* PSWebSocketDriver.m */,
				6F971FEE289135DD0055FD32 /* PSWebSocketBuffer.m */,
				6F971FEF289135DD0055FD32 /* PSWebSocketDeflater.h */,
				6F971FF0289135DD0055FD32 /* PSWebSocketInflater.h */,
				6F971FF1289135DD0055FD32 /* PSWebSocketUTF8Decoder.h */,
				6F971FF2289135DD0055FD32 /* PSWebSocketNetworkThread.m */,
				6F971FF3289135DD0055FD32 /* PSWebSocketTypes.h */,
				6F971FF4289135DD0055FD32 /* PocketSocket-Prefix.pch */,
				6F971FF5289135DD0055FD32 /* PSWebSocket.m */,
				6F971FF6289135DD0055FD32 /* PSWebSocketDriver.h */,
				6F971FF7289135DD0055FD32 /* PSWebSocketServer.m */,
			);
			path = PocketSocket;
			sourceTree = "<group>";
		};
/* End PBXGroup section */

/* Begin PBXHeadersBuildPhase section */
		6F97200B289136060055FD32 /* Headers */ = {
			isa = PBXHeadersBuildPhase;
			buildActionMask = 2147483647;
			files = (
				6F97200C289136190055FD32 /* ATLTestLibrary.h in Headers */,
			);
			runOnlyForDeploymentPostprocessing = 0;
		};
/* End PBXHeadersBuildPhase section */

/* Begin PBXNativeTarget section */
		6F971FA228912EEE0055FD32 /* AdjustTestLibrary */ = {
			isa = PBXNativeTarget;
			buildConfigurationList = 6F971FAC28912EEE0055FD32 /* Build configuration list for PBXNativeTarget "AdjustTestLibrary" */;
			buildPhases = (
				6F97200B289136060055FD32 /* Headers */,
				6F971F9F28912EEE0055FD32 /* Sources */,
				6F971FA028912EEE0055FD32 /* Frameworks */,
				6F971FA128912EEE0055FD32 /* CopyFiles */,
			);
			buildRules = (
			);
			dependencies = (
			);
			name = AdjustTestLibrary;
			productName = AdjustTestLibrary;
			productReference = 6F971FA328912EEE0055FD32 /* libAdjustTestLibrary.a */;
			productType = "com.apple.product-type.library.static";
		};
/* End PBXNativeTarget section */

/* Begin PBXProject section */
		6F971F9B28912EEE0055FD32 /* Project object */ = {
			isa = PBXProject;
			attributes = {
				BuildIndependentTargetsInParallel = 1;
				LastUpgradeCheck = 1340;
				TargetAttributes = {
					6F971FA228912EEE0055FD32 = {
						CreatedOnToolsVersion = 13.4.1;
					};
				};
			};
			buildConfigurationList = 6F971F9E28912EEE0055FD32 /* Build configuration list for PBXProject "AdjustTestLibrary" */;
			compatibilityVersion = "Xcode 13.0";
			developmentRegion = en;
			hasScannedForEncodings = 0;
			knownRegions = (
				en,
				Base,
			);
			mainGroup = 6F971F9A28912EEE0055FD32;
			productRefGroup = 6F971FA428912EEE0055FD32 /* Products */;
			projectDirPath = "";
			projectRoot = "";
			targets = (
				6F971FA228912EEE0055FD32 /* AdjustTestLibrary */,
			);
		};
/* End PBXProject section */

/* Begin PBXSourcesBuildPhase section */
		6F971F9F28912EEE0055FD32 /* Sources */ = {
			isa = PBXSourcesBuildPhase;
			buildActionMask = 2147483647;
			files = (
				6F971FFF289135DD0055FD32 /* ATLControlSignal.m in Sources */,
				6F972002289135DD0055FD32 /* PSWebSocketDeflater.m in Sources */,
				6F972004289135DD0055FD32 /* PSWebSocketDriver.m in Sources */,
				6F971FFD289135DD0055FD32 /* ATLTestLibrary.m in Sources */,
				6F972000289135DD0055FD32 /* ATLControlWebSocketClient.m in Sources */,
				6F972006289135DD0055FD32 /* PSWebSocketNetworkThread.m in Sources */,
				6F972005289135DD0055FD32 /* PSWebSocketBuffer.m in Sources */,
				6F971FFE289135DD0055FD32 /* ATLUtilNetworking.m in Sources */,
				6F972001289135DD0055FD32 /* PSWebSocketInflater.m in Sources */,
				6F972008289135DD0055FD32 /* PSWebSocketServer.m in Sources */,
				6F972007289135DD0055FD32 /* PSWebSocket.m in Sources */,
				6F97200A289135DD0055FD32 /* ATLBlockingQueue.m in Sources */,
				6F971FFC289135DD0055FD32 /* ATLUtil.m in Sources */,
				6F972009289135DD0055FD32 /* ATLSingleThreadExecutor.m in Sources */,
				6F972003289135DD0055FD32 /* PSWebSocketUTF8Decoder.m in Sources */,
			);
			runOnlyForDeploymentPostprocessing = 0;
		};
/* End PBXSourcesBuildPhase section */

/* Begin XCBuildConfiguration section */
		6F971FAA28912EEE0055FD32 /* Debug */ = {
			isa = XCBuildConfiguration;
			buildSettings = {
				ALWAYS_SEARCH_USER_PATHS = NO;
				CLANG_ANALYZER_NONNULL = YES;
				CLANG_ANALYZER_NUMBER_OBJECT_CONVERSION = YES_AGGRESSIVE;
				CLANG_CXX_LANGUAGE_STANDARD = "gnu++17";
				CLANG_ENABLE_MODULES = YES;
				CLANG_ENABLE_OBJC_ARC = YES;
				CLANG_ENABLE_OBJC_WEAK = YES;
				CLANG_WARN_BLOCK_CAPTURE_AUTORELEASING = YES;
				CLANG_WARN_BOOL_CONVERSION = YES;
				CLANG_WARN_COMMA = YES;
				CLANG_WARN_CONSTANT_CONVERSION = YES;
				CLANG_WARN_DEPRECATED_OBJC_IMPLEMENTATIONS = YES;
				CLANG_WARN_DIRECT_OBJC_ISA_USAGE = YES_ERROR;
				CLANG_WARN_DOCUMENTATION_COMMENTS = YES;
				CLANG_WARN_EMPTY_BODY = YES;
				CLANG_WARN_ENUM_CONVERSION = YES;
				CLANG_WARN_INFINITE_RECURSION = YES;
				CLANG_WARN_INT_CONVERSION = YES;
				CLANG_WARN_NON_LITERAL_NULL_CONVERSION = YES;
				CLANG_WARN_OBJC_IMPLICIT_RETAIN_SELF = YES;
				CLANG_WARN_OBJC_LITERAL_CONVERSION = YES;
				CLANG_WARN_OBJC_ROOT_CLASS = YES_ERROR;
				CLANG_WARN_QUOTED_INCLUDE_IN_FRAMEWORK_HEADER = YES;
				CLANG_WARN_RANGE_LOOP_ANALYSIS = YES;
				CLANG_WARN_STRICT_PROTOTYPES = YES;
				CLANG_WARN_SUSPICIOUS_MOVE = YES;
				CLANG_WARN_UNGUARDED_AVAILABILITY = YES_AGGRESSIVE;
				CLANG_WARN_UNREACHABLE_CODE = YES;
				CLANG_WARN__DUPLICATE_METHOD_MATCH = YES;
				COPY_PHASE_STRIP = NO;
				DEBUG_INFORMATION_FORMAT = dwarf;
				ENABLE_STRICT_OBJC_MSGSEND = YES;
				ENABLE_TESTABILITY = YES;
				GCC_C_LANGUAGE_STANDARD = gnu11;
				GCC_DYNAMIC_NO_PIC = NO;
				GCC_NO_COMMON_BLOCKS = YES;
				GCC_OPTIMIZATION_LEVEL = 0;
				GCC_PREPROCESSOR_DEFINITIONS = (
					"DEBUG=1",
					"$(inherited)",
				);
				GCC_WARN_64_TO_32_BIT_CONVERSION = YES;
				GCC_WARN_ABOUT_RETURN_TYPE = YES_ERROR;
				GCC_WARN_UNDECLARED_SELECTOR = YES;
				GCC_WARN_UNINITIALIZED_AUTOS = YES_AGGRESSIVE;
				GCC_WARN_UNUSED_FUNCTION = YES;
				GCC_WARN_UNUSED_VARIABLE = YES;
				IPHONEOS_DEPLOYMENT_TARGET = 15.5;
				MTL_ENABLE_DEBUG_INFO = INCLUDE_SOURCE;
				MTL_FAST_MATH = YES;
				ONLY_ACTIVE_ARCH = YES;
				SDKROOT = iphoneos;
			};
			name = Debug;
		};
		6F971FAB28912EEE0055FD32 /* Release */ = {
			isa = XCBuildConfiguration;
			buildSettings = {
				ALWAYS_SEARCH_USER_PATHS = NO;
				CLANG_ANALYZER_NONNULL = YES;
				CLANG_ANALYZER_NUMBER_OBJECT_CONVERSION = YES_AGGRESSIVE;
				CLANG_CXX_LANGUAGE_STANDARD = "gnu++17";
				CLANG_ENABLE_MODULES = YES;
				CLANG_ENABLE_OBJC_ARC = YES;
				CLANG_ENABLE_OBJC_WEAK = YES;
				CLANG_WARN_BLOCK_CAPTURE_AUTORELEASING = YES;
				CLANG_WARN_BOOL_CONVERSION = YES;
				CLANG_WARN_COMMA = YES;
				CLANG_WARN_CONSTANT_CONVERSION = YES;
				CLANG_WARN_DEPRECATED_OBJC_IMPLEMENTATIONS = YES;
				CLANG_WARN_DIRECT_OBJC_ISA_USAGE = YES_ERROR;
				CLANG_WARN_DOCUMENTATION_COMMENTS = YES;
				CLANG_WARN_EMPTY_BODY = YES;
				CLANG_WARN_ENUM_CONVERSION = YES;
				CLANG_WARN_INFINITE_RECURSION = YES;
				CLANG_WARN_INT_CONVERSION = YES;
				CLANG_WARN_NON_LITERAL_NULL_CONVERSION = YES;
				CLANG_WARN_OBJC_IMPLICIT_RETAIN_SELF = YES;
				CLANG_WARN_OBJC_LITERAL_CONVERSION = YES;
				CLANG_WARN_OBJC_ROOT_CLASS = YES_ERROR;
				CLANG_WARN_QUOTED_INCLUDE_IN_FRAMEWORK_HEADER = YES;
				CLANG_WARN_RANGE_LOOP_ANALYSIS = YES;
				CLANG_WARN_STRICT_PROTOTYPES = YES;
				CLANG_WARN_SUSPICIOUS_MOVE = YES;
				CLANG_WARN_UNGUARDED_AVAILABILITY = YES_AGGRESSIVE;
				CLANG_WARN_UNREACHABLE_CODE = YES;
				CLANG_WARN__DUPLICATE_METHOD_MATCH = YES;
				COPY_PHASE_STRIP = NO;
				DEBUG_INFORMATION_FORMAT = "dwarf-with-dsym";
				ENABLE_NS_ASSERTIONS = NO;
				ENABLE_STRICT_OBJC_MSGSEND = YES;
				GCC_C_LANGUAGE_STANDARD = gnu11;
				GCC_NO_COMMON_BLOCKS = YES;
				GCC_WARN_64_TO_32_BIT_CONVERSION = YES;
				GCC_WARN_ABOUT_RETURN_TYPE = YES_ERROR;
				GCC_WARN_UNDECLARED_SELECTOR = YES;
				GCC_WARN_UNINITIALIZED_AUTOS = YES_AGGRESSIVE;
				GCC_WARN_UNUSED_FUNCTION = YES;
				GCC_WARN_UNUSED_VARIABLE = YES;
				IPHONEOS_DEPLOYMENT_TARGET = 15.5;
				MTL_ENABLE_DEBUG_INFO = NO;
				MTL_FAST_MATH = YES;
				SDKROOT = iphoneos;
				VALIDATE_PRODUCT = YES;
			};
			name = Release;
		};
		6F971FAD28912EEE0055FD32 /* Debug */ = {
			isa = XCBuildConfiguration;
			buildSettings = {
				CODE_SIGN_STYLE = Automatic;
				DEVELOPMENT_TEAM = QGUGW9AUMK;
				OTHER_LDFLAGS = "-ObjC";
				PRODUCT_NAME = "$(TARGET_NAME)";
				SKIP_INSTALL = YES;
				TARGETED_DEVICE_FAMILY = "1,2";
			};
			name = Debug;
		};
		6F971FAE28912EEE0055FD32 /* Release */ = {
			isa = XCBuildConfiguration;
			buildSettings = {
				CODE_SIGN_STYLE = Automatic;
				DEVELOPMENT_TEAM = QGUGW9AUMK;
				OTHER_LDFLAGS = "-ObjC";
				PRODUCT_NAME = "$(TARGET_NAME)";
				SKIP_INSTALL = YES;
				TARGETED_DEVICE_FAMILY = "1,2";
			};
			name = Release;
		};
/* End XCBuildConfiguration section */

/* Begin XCConfigurationList section */
		6F971F9E28912EEE0055FD32 /* Build configuration list for PBXProject "AdjustTestLibrary" */ = {
			isa = XCConfigurationList;
			buildConfigurations = (
				6F971FAA28912EEE0055FD32 /* Debug */,
				6F971FAB28912EEE0055FD32 /* Release */,
			);
			defaultConfigurationIsVisible = 0;
			defaultConfigurationName = Release;
		};
		6F971FAC28912EEE0055FD32 /* Build configuration list for PBXNativeTarget "AdjustTestLibrary" */ = {
			isa = XCConfigurationList;
			buildConfigurations = (
				6F971FAD28912EEE0055FD32 /* Debug */,
				6F971FAE28912EEE0055FD32 /* Release */,
			);
			defaultConfigurationIsVisible = 0;
			defaultConfigurationName = Release;
		};
/* End XCConfigurationList section */
	};
	rootObject = 6F971F9B28912EEE0055FD32 /* Project object */;
}
