// !$*UTF8*$!
{
	archiveVersion = 1;
	classes = {
	};
	objectVersion = 53;
	objects = {

/* Begin PBXBuildFile section */
		0A2D253428927968006E7970 /* ATLControlWebSocketClient.h in Headers */ = {isa = PBXBuildFile; fileRef = 0A2D252428927968006E7970 /* ATLControlWebSocketClient.h */; settings = {ATTRIBUTES = (Public, ); }; };
		0A2D253528927968006E7970 /* ATLControlSignal.h in Headers */ = {isa = PBXBuildFile; fileRef = 0A2D252528927968006E7970 /* ATLControlSignal.h */; settings = {ATTRIBUTES = (Public, ); }; };
		0A2D253628927968006E7970 /* ATLUtil.m in Sources */ = {isa = PBXBuildFile; fileRef = 0A2D252628927968006E7970 /* ATLUtil.m */; };
		0A2D253728927968006E7970 /* ATLSingleThreadExecutor.m in Sources */ = {isa = PBXBuildFile; fileRef = 0A2D252728927968006E7970 /* ATLSingleThreadExecutor.m */; };
		0A2D253828927968006E7970 /* ATLTestLibrary.m in Sources */ = {isa = PBXBuildFile; fileRef = 0A2D252928927968006E7970 /* ATLTestLibrary.m */; };
		0A2D253928927968006E7970 /* ATLUtilNetworking.h in Headers */ = {isa = PBXBuildFile; fileRef = 0A2D252A28927968006E7970 /* ATLUtilNetworking.h */; settings = {ATTRIBUTES = (Public, ); }; };
		0A2D253A28927968006E7970 /* ATLUtilNetworking.m in Sources */ = {isa = PBXBuildFile; fileRef = 0A2D252B28927968006E7970 /* ATLUtilNetworking.m */; };
		0A2D253B28927968006E7970 /* ATLControlWebSocketClient.m in Sources */ = {isa = PBXBuildFile; fileRef = 0A2D252C28927968006E7970 /* ATLControlWebSocketClient.m */; };
		0A2D253C28927968006E7970 /* ATLTestLibrary.h in Headers */ = {isa = PBXBuildFile; fileRef = 0A2D252D28927968006E7970 /* ATLTestLibrary.h */; settings = {ATTRIBUTES = (Public, ); }; };
		0A2D253D28927968006E7970 /* ATLConstants.h in Headers */ = {isa = PBXBuildFile; fileRef = 0A2D252E28927968006E7970 /* ATLConstants.h */; settings = {ATTRIBUTES = (Public, ); }; };
		0A2D253E28927968006E7970 /* ATLBlockingQueue.h in Headers */ = {isa = PBXBuildFile; fileRef = 0A2D252F28927968006E7970 /* ATLBlockingQueue.h */; settings = {ATTRIBUTES = (Public, ); }; };
		0A2D253F28927968006E7970 /* ATLBlockingQueue.m in Sources */ = {isa = PBXBuildFile; fileRef = 0A2D253028927968006E7970 /* ATLBlockingQueue.m */; };
		0A2D254028927968006E7970 /* ATLUtil.h in Headers */ = {isa = PBXBuildFile; fileRef = 0A2D253128927968006E7970 /* ATLUtil.h */; settings = {ATTRIBUTES = (Public, ); }; };
		0A2D254128927968006E7970 /* ATLControlSignal.m in Sources */ = {isa = PBXBuildFile; fileRef = 0A2D253228927968006E7970 /* ATLControlSignal.m */; };
		0A2D254228927968006E7970 /* ATLSingleThreadExecutor.h in Headers */ = {isa = PBXBuildFile; fileRef = 0A2D253328927968006E7970 /* ATLSingleThreadExecutor.h */; settings = {ATTRIBUTES = (Public, ); }; };
		0A7ED83D28932AF300CC20DE /* PSWebSocketInflater.h in Headers */ = {isa = PBXBuildFile; fileRef = 0A7ED82A28932AF200CC20DE /* PSWebSocketInflater.h */; };
		0A7ED83E28932AF300CC20DE /* PSWebSocketTypes.h in Headers */ = {isa = PBXBuildFile; fileRef = 0A7ED82B28932AF200CC20DE /* PSWebSocketTypes.h */; };
		0A7ED83F28932AF300CC20DE /* PSWebSocketDriver.m in Sources */ = {isa = PBXBuildFile; fileRef = 0A7ED82C28932AF200CC20DE /* PSWebSocketDriver.m */; };
		0A7ED84028932AF300CC20DE /* PSWebSocketUTF8Decoder.m in Sources */ = {isa = PBXBuildFile; fileRef = 0A7ED82D28932AF200CC20DE /* PSWebSocketUTF8Decoder.m */; };
		0A7ED84128932AF300CC20DE /* PSWebSocketDeflater.m in Sources */ = {isa = PBXBuildFile; fileRef = 0A7ED82E28932AF200CC20DE /* PSWebSocketDeflater.m */; };
		0A7ED84228932AF300CC20DE /* PSWebSocketDriver.h in Headers */ = {isa = PBXBuildFile; fileRef = 0A7ED82F28932AF200CC20DE /* PSWebSocketDriver.h */; };
		0A7ED84328932AF300CC20DE /* PSWebSocket.m in Sources */ = {isa = PBXBuildFile; fileRef = 0A7ED83028932AF200CC20DE /* PSWebSocket.m */; };
		0A7ED84428932AF300CC20DE /* PSWebSocketNetworkThread.h in Headers */ = {isa = PBXBuildFile; fileRef = 0A7ED83128932AF200CC20DE /* PSWebSocketNetworkThread.h */; };
		0A7ED84528932AF300CC20DE /* PSWebSocketNetworkThread.m in Sources */ = {isa = PBXBuildFile; fileRef = 0A7ED83228932AF200CC20DE /* PSWebSocketNetworkThread.m */; };
		0A7ED84628932AF300CC20DE /* PocketSocket-Prefix.pch in Headers */ = {isa = PBXBuildFile; fileRef = 0A7ED83328932AF200CC20DE /* PocketSocket-Prefix.pch */; };
		0A7ED84728932AF300CC20DE /* PSWebSocketInternal.h in Headers */ = {isa = PBXBuildFile; fileRef = 0A7ED83428932AF200CC20DE /* PSWebSocketInternal.h */; };
		0A7ED84828932AF300CC20DE /* PSWebSocketUTF8Decoder.h in Headers */ = {isa = PBXBuildFile; fileRef = 0A7ED83528932AF200CC20DE /* PSWebSocketUTF8Decoder.h */; };
		0A7ED84928932AF300CC20DE /* PSWebSocketInflater.m in Sources */ = {isa = PBXBuildFile; fileRef = 0A7ED83628932AF200CC20DE /* PSWebSocketInflater.m */; };
		0A7ED84A28932AF300CC20DE /* PSWebSocketDeflater.h in Headers */ = {isa = PBXBuildFile; fileRef = 0A7ED83728932AF200CC20DE /* PSWebSocketDeflater.h */; };
		0A7ED84B28932AF300CC20DE /* PSWebSocketServer.h in Headers */ = {isa = PBXBuildFile; fileRef = 0A7ED83828932AF200CC20DE /* PSWebSocketServer.h */; };
		0A7ED84C28932AF300CC20DE /* PSWebSocket.h in Headers */ = {isa = PBXBuildFile; fileRef = 0A7ED83928932AF200CC20DE /* PSWebSocket.h */; };
		0A7ED84D28932AF300CC20DE /* PSWebSocketServer.m in Sources */ = {isa = PBXBuildFile; fileRef = 0A7ED83A28932AF200CC20DE /* PSWebSocketServer.m */; };
		0A7ED84E28932AF300CC20DE /* PSWebSocketBuffer.m in Sources */ = {isa = PBXBuildFile; fileRef = 0A7ED83B28932AF300CC20DE /* PSWebSocketBuffer.m */; };
		0A7ED84F28932AF300CC20DE /* PSWebSocketBuffer.h in Headers */ = {isa = PBXBuildFile; fileRef = 0A7ED83C28932AF300CC20DE /* PSWebSocketBuffer.h */; };
/* End PBXBuildFile section */

/* Begin PBXCopyFilesBuildPhase section */
		0A530E7F2891509700FD7EFB /* CopyFiles */ = {
			isa = PBXCopyFilesBuildPhase;
			buildActionMask = 2147483647;
			dstPath = "include/$(PRODUCT_NAME)";
			dstSubfolderSpec = 16;
			files = (
			);
			runOnlyForDeploymentPostprocessing = 0;
		};
/* End PBXCopyFilesBuildPhase section */

/* Begin PBXFileReference section */
		0A2D252428927968006E7970 /* ATLControlWebSocketClient.h */ = {isa = PBXFileReference; fileEncoding = 4; lastKnownFileType = sourcecode.c.h; path = ATLControlWebSocketClient.h; sourceTree = "<group>"; };
		0A2D252528927968006E7970 /* ATLControlSignal.h */ = {isa = PBXFileReference; fileEncoding = 4; lastKnownFileType = sourcecode.c.h; path = ATLControlSignal.h; sourceTree = "<group>"; };
		0A2D252628927968006E7970 /* ATLUtil.m */ = {isa = PBXFileReference; fileEncoding = 4; lastKnownFileType = sourcecode.c.objc; path = ATLUtil.m; sourceTree = "<group>"; };
		0A2D252728927968006E7970 /* ATLSingleThreadExecutor.m */ = {isa = PBXFileReference; fileEncoding = 4; lastKnownFileType = sourcecode.c.objc; path = ATLSingleThreadExecutor.m; sourceTree = "<group>"; };
		0A2D252928927968006E7970 /* ATLTestLibrary.m */ = {isa = PBXFileReference; fileEncoding = 4; lastKnownFileType = sourcecode.c.objc; path = ATLTestLibrary.m; sourceTree = "<group>"; };
		0A2D252A28927968006E7970 /* ATLUtilNetworking.h */ = {isa = PBXFileReference; fileEncoding = 4; lastKnownFileType = sourcecode.c.h; path = ATLUtilNetworking.h; sourceTree = "<group>"; };
		0A2D252B28927968006E7970 /* ATLUtilNetworking.m */ = {isa = PBXFileReference; fileEncoding = 4; lastKnownFileType = sourcecode.c.objc; path = ATLUtilNetworking.m; sourceTree = "<group>"; };
		0A2D252C28927968006E7970 /* ATLControlWebSocketClient.m */ = {isa = PBXFileReference; fileEncoding = 4; lastKnownFileType = sourcecode.c.objc; path = ATLControlWebSocketClient.m; sourceTree = "<group>"; };
		0A2D252D28927968006E7970 /* ATLTestLibrary.h */ = {isa = PBXFileReference; fileEncoding = 4; lastKnownFileType = sourcecode.c.h; path = ATLTestLibrary.h; sourceTree = "<group>"; };
		0A2D252E28927968006E7970 /* ATLConstants.h */ = {isa = PBXFileReference; fileEncoding = 4; lastKnownFileType = sourcecode.c.h; path = ATLConstants.h; sourceTree = "<group>"; };
		0A2D252F28927968006E7970 /* ATLBlockingQueue.h */ = {isa = PBXFileReference; fileEncoding = 4; lastKnownFileType = sourcecode.c.h; path = ATLBlockingQueue.h; sourceTree = "<group>"; };
		0A2D253028927968006E7970 /* ATLBlockingQueue.m */ = {isa = PBXFileReference; fileEncoding = 4; lastKnownFileType = sourcecode.c.objc; path = ATLBlockingQueue.m; sourceTree = "<group>"; };
		0A2D253128927968006E7970 /* ATLUtil.h */ = {isa = PBXFileReference; fileEncoding = 4; lastKnownFileType = sourcecode.c.h; path = ATLUtil.h; sourceTree = "<group>"; };
		0A2D253228927968006E7970 /* ATLControlSignal.m */ = {isa = PBXFileReference; fileEncoding = 4; lastKnownFileType = sourcecode.c.objc; path = ATLControlSignal.m; sourceTree = "<group>"; };
		0A2D253328927968006E7970 /* ATLSingleThreadExecutor.h */ = {isa = PBXFileReference; fileEncoding = 4; lastKnownFileType = sourcecode.c.h; path = ATLSingleThreadExecutor.h; sourceTree = "<group>"; };
		0A530E812891509700FD7EFB /* libAdjustTestLibrary.a */ = {isa = PBXFileReference; explicitFileType = archive.ar; includeInIndex = 0; path = libAdjustTestLibrary.a; sourceTree = BUILT_PRODUCTS_DIR; };
		0A7ED82A28932AF200CC20DE /* PSWebSocketInflater.h */ = {isa = PBXFileReference; fileEncoding = 4; lastKnownFileType = sourcecode.c.h; name = PSWebSocketInflater.h; path = PocketSocket/PSWebSocketInflater.h; sourceTree = "<group>"; };
		0A7ED82B28932AF200CC20DE /* PSWebSocketTypes.h */ = {isa = PBXFileReference; fileEncoding = 4; lastKnownFileType = sourcecode.c.h; name = PSWebSocketTypes.h; path = PocketSocket/PSWebSocketTypes.h; sourceTree = "<group>"; };
		0A7ED82C28932AF200CC20DE /* PSWebSocketDriver.m */ = {isa = PBXFileReference; fileEncoding = 4; lastKnownFileType = sourcecode.c.objc; name = PSWebSocketDriver.m; path = PocketSocket/PSWebSocketDriver.m; sourceTree = "<group>"; };
		0A7ED82D28932AF200CC20DE /* PSWebSocketUTF8Decoder.m */ = {isa = PBXFileReference; fileEncoding = 4; lastKnownFileType = sourcecode.c.objc; name = PSWebSocketUTF8Decoder.m; path = PocketSocket/PSWebSocketUTF8Decoder.m; sourceTree = "<group>"; };
		0A7ED82E28932AF200CC20DE /* PSWebSocketDeflater.m */ = {isa = PBXFileReference; fileEncoding = 4; lastKnownFileType = sourcecode.c.objc; name = PSWebSocketDeflater.m; path = PocketSocket/PSWebSocketDeflater.m; sourceTree = "<group>"; };
		0A7ED82F28932AF200CC20DE /* PSWebSocketDriver.h */ = {isa = PBXFileReference; fileEncoding = 4; lastKnownFileType = sourcecode.c.h; name = PSWebSocketDriver.h; path = PocketSocket/PSWebSocketDriver.h; sourceTree = "<group>"; };
		0A7ED83028932AF200CC20DE /* PSWebSocket.m */ = {isa = PBXFileReference; fileEncoding = 4; lastKnownFileType = sourcecode.c.objc; name = PSWebSocket.m; path = PocketSocket/PSWebSocket.m; sourceTree = "<group>"; };
		0A7ED83128932AF200CC20DE /* PSWebSocketNetworkThread.h */ = {isa = PBXFileReference; fileEncoding = 4; lastKnownFileType = sourcecode.c.h; name = PSWebSocketNetworkThread.h; path = PocketSocket/PSWebSocketNetworkThread.h; sourceTree = "<group>"; };
		0A7ED83228932AF200CC20DE /* PSWebSocketNetworkThread.m */ = {isa = PBXFileReference; fileEncoding = 4; lastKnownFileType = sourcecode.c.objc; name = PSWebSocketNetworkThread.m; path = PocketSocket/PSWebSocketNetworkThread.m; sourceTree = "<group>"; };
		0A7ED83328932AF200CC20DE /* PocketSocket-Prefix.pch */ = {isa = PBXFileReference; fileEncoding = 4; lastKnownFileType = sourcecode.c.h; name = "PocketSocket-Prefix.pch"; path = "PocketSocket/PocketSocket-Prefix.pch"; sourceTree = "<group>"; };
		0A7ED83428932AF200CC20DE /* PSWebSocketInternal.h */ = {isa = PBXFileReference; fileEncoding = 4; lastKnownFileType = sourcecode.c.h; name = PSWebSocketInternal.h; path = PocketSocket/PSWebSocketInternal.h; sourceTree = "<group>"; };
		0A7ED83528932AF200CC20DE /* PSWebSocketUTF8Decoder.h */ = {isa = PBXFileReference; fileEncoding = 4; lastKnownFileType = sourcecode.c.h; name = PSWebSocketUTF8Decoder.h; path = PocketSocket/PSWebSocketUTF8Decoder.h; sourceTree = "<group>"; };
		0A7ED83628932AF200CC20DE /* PSWebSocketInflater.m */ = {isa = PBXFileReference; fileEncoding = 4; lastKnownFileType = sourcecode.c.objc; name = PSWebSocketInflater.m; path = PocketSocket/PSWebSocketInflater.m; sourceTree = "<group>"; };
		0A7ED83728932AF200CC20DE /* PSWebSocketDeflater.h */ = {isa = PBXFileReference; fileEncoding = 4; lastKnownFileType = sourcecode.c.h; name = PSWebSocketDeflater.h; path = PocketSocket/PSWebSocketDeflater.h; sourceTree = "<group>"; };
		0A7ED83828932AF200CC20DE /* PSWebSocketServer.h */ = {isa = PBXFileReference; fileEncoding = 4; lastKnownFileType = sourcecode.c.h; name = PSWebSocketServer.h; path = PocketSocket/PSWebSocketServer.h; sourceTree = "<group>"; };
		0A7ED83928932AF200CC20DE /* PSWebSocket.h */ = {isa = PBXFileReference; fileEncoding = 4; lastKnownFileType = sourcecode.c.h; name = PSWebSocket.h; path = PocketSocket/PSWebSocket.h; sourceTree = "<group>"; };
		0A7ED83A28932AF200CC20DE /* PSWebSocketServer.m */ = {isa = PBXFileReference; fileEncoding = 4; lastKnownFileType = sourcecode.c.objc; name = PSWebSocketServer.m; path = PocketSocket/PSWebSocketServer.m; sourceTree = "<group>"; };
		0A7ED83B28932AF300CC20DE /* PSWebSocketBuffer.m */ = {isa = PBXFileReference; fileEncoding = 4; lastKnownFileType = sourcecode.c.objc; name = PSWebSocketBuffer.m; path = PocketSocket/PSWebSocketBuffer.m; sourceTree = "<group>"; };
		0A7ED83C28932AF300CC20DE /* PSWebSocketBuffer.h */ = {isa = PBXFileReference; fileEncoding = 4; lastKnownFileType = sourcecode.c.h; name = PSWebSocketBuffer.h; path = PocketSocket/PSWebSocketBuffer.h; sourceTree = "<group>"; };
/* End PBXFileReference section */

/* Begin PBXFrameworksBuildPhase section */
		0A530E7E2891509700FD7EFB /* Frameworks */ = {
			isa = PBXFrameworksBuildPhase;
			buildActionMask = 2147483647;
			files = (
			);
			runOnlyForDeploymentPostprocessing = 0;
		};
/* End PBXFrameworksBuildPhase section */

/* Begin PBXGroup section */
		0A530E782891509700FD7EFB = {
			isa = PBXGroup;
			children = (
				0A530E832891509700FD7EFB /* AdjustTestLibrary */,
				0A530E822891509700FD7EFB /* Products */,
			);
			sourceTree = "<group>";
		};
		0A530E822891509700FD7EFB /* Products */ = {
			isa = PBXGroup;
			children = (
				0A530E812891509700FD7EFB /* libAdjustTestLibrary.a */,
			);
			name = Products;
			sourceTree = "<group>";
		};
		0A530E832891509700FD7EFB /* AdjustTestLibrary */ = {
			isa = PBXGroup;
			children = (
				0A7ED82928932AD600CC20DE /* PocketSocket */,
				0A2D252F28927968006E7970 /* ATLBlockingQueue.h */,
				0A2D253028927968006E7970 /* ATLBlockingQueue.m */,
				0A2D252E28927968006E7970 /* ATLConstants.h */,
				0A2D252528927968006E7970 /* ATLControlSignal.h */,
				0A2D253228927968006E7970 /* ATLControlSignal.m */,
				0A2D252428927968006E7970 /* ATLControlWebSocketClient.h */,
				0A2D252C28927968006E7970 /* ATLControlWebSocketClient.m */,
				0A2D253328927968006E7970 /* ATLSingleThreadExecutor.h */,
				0A2D252728927968006E7970 /* ATLSingleThreadExecutor.m */,
				0A2D252D28927968006E7970 /* ATLTestLibrary.h */,
				0A2D252928927968006E7970 /* ATLTestLibrary.m */,
				0A2D253128927968006E7970 /* ATLUtil.h */,
				0A2D252628927968006E7970 /* ATLUtil.m */,
				0A2D252A28927968006E7970 /* ATLUtilNetworking.h */,
				0A2D252B28927968006E7970 /* ATLUtilNetworking.m */,
			);
			path = AdjustTestLibrary;
			sourceTree = "<group>";
		};
		0A7ED82928932AD600CC20DE /* PocketSocket */ = {
			isa = PBXGroup;
			children = (
				0A7ED83328932AF200CC20DE /* PocketSocket-Prefix.pch */,
				0A7ED83928932AF200CC20DE /* PSWebSocket.h */,
				0A7ED83028932AF200CC20DE /* PSWebSocket.m */,
				0A7ED83C28932AF300CC20DE /* PSWebSocketBuffer.h */,
				0A7ED83B28932AF300CC20DE /* PSWebSocketBuffer.m */,
				0A7ED83728932AF200CC20DE /* PSWebSocketDeflater.h */,
				0A7ED82E28932AF200CC20DE /* PSWebSocketDeflater.m */,
				0A7ED82F28932AF200CC20DE /* PSWebSocketDriver.h */,
				0A7ED82C28932AF200CC20DE /* PSWebSocketDriver.m */,
				0A7ED82A28932AF200CC20DE /* PSWebSocketInflater.h */,
				0A7ED83628932AF200CC20DE /* PSWebSocketInflater.m */,
				0A7ED83428932AF200CC20DE /* PSWebSocketInternal.h */,
				0A7ED83128932AF200CC20DE /* PSWebSocketNetworkThread.h */,
				0A7ED83228932AF200CC20DE /* PSWebSocketNetworkThread.m */,
				0A7ED83828932AF200CC20DE /* PSWebSocketServer.h */,
				0A7ED83A28932AF200CC20DE /* PSWebSocketServer.m */,
				0A7ED82B28932AF200CC20DE /* PSWebSocketTypes.h */,
				0A7ED83528932AF200CC20DE /* PSWebSocketUTF8Decoder.h */,
				0A7ED82D28932AF200CC20DE /* PSWebSocketUTF8Decoder.m */,
			);
			name = PocketSocket;
			sourceTree = "<group>";
		};
/* End PBXGroup section */

/* Begin PBXHeadersBuildPhase section */
		0A530EA4289150B900FD7EFB /* Headers */ = {
			isa = PBXHeadersBuildPhase;
			buildActionMask = 2147483647;
			files = (
				0A7ED84228932AF300CC20DE /* PSWebSocketDriver.h in Headers */,
				0A2D253C28927968006E7970 /* ATLTestLibrary.h in Headers */,
				0A2D254228927968006E7970 /* ATLSingleThreadExecutor.h in Headers */,
				0A7ED83D28932AF300CC20DE /* PSWebSocketInflater.h in Headers */,
				0A7ED84428932AF300CC20DE /* PSWebSocketNetworkThread.h in Headers */,
				0A7ED84B28932AF300CC20DE /* PSWebSocketServer.h in Headers */,
				0A2D254028927968006E7970 /* ATLUtil.h in Headers */,
				0A2D253E28927968006E7970 /* ATLBlockingQueue.h in Headers */,
				0A7ED84628932AF300CC20DE /* PocketSocket-Prefix.pch in Headers */,
				0A7ED83E28932AF300CC20DE /* PSWebSocketTypes.h in Headers */,
				0A2D253528927968006E7970 /* ATLControlSignal.h in Headers */,
				0A7ED84828932AF300CC20DE /* PSWebSocketUTF8Decoder.h in Headers */,
				0A7ED84728932AF300CC20DE /* PSWebSocketInternal.h in Headers */,
				0A7ED84C28932AF300CC20DE /* PSWebSocket.h in Headers */,
				0A7ED84A28932AF300CC20DE /* PSWebSocketDeflater.h in Headers */,
				0A2D253928927968006E7970 /* ATLUtilNetworking.h in Headers */,
				0A7ED84F28932AF300CC20DE /* PSWebSocketBuffer.h in Headers */,
				0A2D253D28927968006E7970 /* ATLConstants.h in Headers */,
				0A2D253428927968006E7970 /* ATLControlWebSocketClient.h in Headers */,
			);
			runOnlyForDeploymentPostprocessing = 0;
		};
/* End PBXHeadersBuildPhase section */

/* Begin PBXNativeTarget section */
		0A530E802891509700FD7EFB /* AdjustTestLibrary */ = {
			isa = PBXNativeTarget;
			buildConfigurationList = 0A530E8A2891509700FD7EFB /* Build configuration list for PBXNativeTarget "AdjustTestLibrary" */;
			buildPhases = (
				0A530EA4289150B900FD7EFB /* Headers */,
				0A530E7D2891509700FD7EFB /* Sources */,
				0A530E7E2891509700FD7EFB /* Frameworks */,
				0A530E7F2891509700FD7EFB /* CopyFiles */,
			);
			buildRules = (
			);
			dependencies = (
			);
			name = AdjustTestLibrary;
			productName = AdjustTestLibrary;
			productReference = 0A530E812891509700FD7EFB /* libAdjustTestLibrary.a */;
			productType = "com.apple.product-type.library.static";
		};
/* End PBXNativeTarget section */

/* Begin PBXProject section */
		0A530E792891509700FD7EFB /* Project object */ = {
			isa = PBXProject;
			attributes = {
				BuildIndependentTargetsInParallel = 1;
				LastUpgradeCheck = 1330;
				ORGANIZATIONNAME = "Adjust GmbH";
				TargetAttributes = {
					0A530E802891509700FD7EFB = {
						CreatedOnToolsVersion = 13.3;
					};
				};
			};
			buildConfigurationList = 0A530E7C2891509700FD7EFB /* Build configuration list for PBXProject "AdjustTestLibrary" */;
			compatibilityVersion = "Xcode 10.0";
			developmentRegion = en;
			hasScannedForEncodings = 0;
			knownRegions = (
				en,
				Base,
			);
			mainGroup = 0A530E782891509700FD7EFB;
			productRefGroup = 0A530E822891509700FD7EFB /* Products */;
			projectDirPath = "";
			projectRoot = "";
			targets = (
				0A530E802891509700FD7EFB /* AdjustTestLibrary */,
			);
		};
/* End PBXProject section */

/* Begin PBXSourcesBuildPhase section */
		0A530E7D2891509700FD7EFB /* Sources */ = {
			isa = PBXSourcesBuildPhase;
			buildActionMask = 2147483647;
			files = (
				0A7ED84328932AF300CC20DE /* PSWebSocket.m in Sources */,
				0A2D253828927968006E7970 /* ATLTestLibrary.m in Sources */,
				0A2D254128927968006E7970 /* ATLControlSignal.m in Sources */,
				0A7ED84E28932AF300CC20DE /* PSWebSocketBuffer.m in Sources */,
				0A7ED84928932AF300CC20DE /* PSWebSocketInflater.m in Sources */,
				0A2D253B28927968006E7970 /* ATLControlWebSocketClient.m in Sources */,
				0A2D253F28927968006E7970 /* ATLBlockingQueue.m in Sources */,
				0A7ED84528932AF300CC20DE /* PSWebSocketNetworkThread.m in Sources */,
				0A7ED83F28932AF300CC20DE /* PSWebSocketDriver.m in Sources */,
				0A2D253A28927968006E7970 /* ATLUtilNetworking.m in Sources */,
				0A7ED84D28932AF300CC20DE /* PSWebSocketServer.m in Sources */,
				0A2D253728927968006E7970 /* ATLSingleThreadExecutor.m in Sources */,
				0A7ED84128932AF300CC20DE /* PSWebSocketDeflater.m in Sources */,
				0A2D253628927968006E7970 /* ATLUtil.m in Sources */,
				0A7ED84028932AF300CC20DE /* PSWebSocketUTF8Decoder.m in Sources */,
			);
			runOnlyForDeploymentPostprocessing = 0;
		};
/* End PBXSourcesBuildPhase section */

/* Begin XCBuildConfiguration section */
		0A530E882891509700FD7EFB /* Debug */ = {
			isa = XCBuildConfiguration;
			buildSettings = {
				ALWAYS_SEARCH_USER_PATHS = NO;
				CLANG_ANALYZER_NONNULL = YES;
				CLANG_ANALYZER_NUMBER_OBJECT_CONVERSION = YES_AGGRESSIVE;
				CLANG_CXX_LANGUAGE_STANDARD = "gnu++17";
				CLANG_ENABLE_MODULES = YES;
				CLANG_ENABLE_OBJC_ARC = YES;
				CLANG_ENABLE_OBJC_WEAK = YES;
				CLANG_WARN_BLOCK_CAPTURE_AUTORELEASING = YES;
				CLANG_WARN_BOOL_CONVERSION = YES;
				CLANG_WARN_COMMA = YES;
				CLANG_WARN_CONSTANT_CONVERSION = YES;
				CLANG_WARN_DEPRECATED_OBJC_IMPLEMENTATIONS = YES;
				CLANG_WARN_DIRECT_OBJC_ISA_USAGE = YES_ERROR;
				CLANG_WARN_DOCUMENTATION_COMMENTS = YES;
				CLANG_WARN_EMPTY_BODY = YES;
				CLANG_WARN_ENUM_CONVERSION = YES;
				CLANG_WARN_INFINITE_RECURSION = YES;
				CLANG_WARN_INT_CONVERSION = YES;
				CLANG_WARN_NON_LITERAL_NULL_CONVERSION = YES;
				CLANG_WARN_OBJC_IMPLICIT_RETAIN_SELF = YES;
				CLANG_WARN_OBJC_LITERAL_CONVERSION = YES;
				CLANG_WARN_OBJC_ROOT_CLASS = YES_ERROR;
				CLANG_WARN_QUOTED_INCLUDE_IN_FRAMEWORK_HEADER = YES;
				CLANG_WARN_RANGE_LOOP_ANALYSIS = YES;
				CLANG_WARN_STRICT_PROTOTYPES = YES;
				CLANG_WARN_SUSPICIOUS_MOVE = YES;
				CLANG_WARN_UNGUARDED_AVAILABILITY = YES_AGGRESSIVE;
				CLANG_WARN_UNREACHABLE_CODE = YES;
				CLANG_WARN__DUPLICATE_METHOD_MATCH = YES;
				COPY_PHASE_STRIP = NO;
				DEBUG_INFORMATION_FORMAT = dwarf;
				ENABLE_STRICT_OBJC_MSGSEND = YES;
				ENABLE_TESTABILITY = YES;
				GCC_C_LANGUAGE_STANDARD = gnu11;
				GCC_DYNAMIC_NO_PIC = NO;
				GCC_NO_COMMON_BLOCKS = YES;
				GCC_OPTIMIZATION_LEVEL = 0;
				GCC_PREPROCESSOR_DEFINITIONS = (
					"DEBUG=1",
					"$(inherited)",
				);
				GCC_WARN_64_TO_32_BIT_CONVERSION = YES;
				GCC_WARN_ABOUT_RETURN_TYPE = YES_ERROR;
				GCC_WARN_UNDECLARED_SELECTOR = YES;
				GCC_WARN_UNINITIALIZED_AUTOS = YES_AGGRESSIVE;
				GCC_WARN_UNUSED_FUNCTION = YES;
				GCC_WARN_UNUSED_VARIABLE = YES;
				IPHONEOS_DEPLOYMENT_TARGET = 10.0;
				MTL_ENABLE_DEBUG_INFO = INCLUDE_SOURCE;
				MTL_FAST_MATH = YES;
				ONLY_ACTIVE_ARCH = YES;
				SDKROOT = iphoneos;
			};
			name = Debug;
		};
		0A530E892891509700FD7EFB /* Release */ = {
			isa = XCBuildConfiguration;
			buildSettings = {
				ALWAYS_SEARCH_USER_PATHS = NO;
				CLANG_ANALYZER_NONNULL = YES;
				CLANG_ANALYZER_NUMBER_OBJECT_CONVERSION = YES_AGGRESSIVE;
				CLANG_CXX_LANGUAGE_STANDARD = "gnu++17";
				CLANG_ENABLE_MODULES = YES;
				CLANG_ENABLE_OBJC_ARC = YES;
				CLANG_ENABLE_OBJC_WEAK = YES;
				CLANG_WARN_BLOCK_CAPTURE_AUTORELEASING = YES;
				CLANG_WARN_BOOL_CONVERSION = YES;
				CLANG_WARN_COMMA = YES;
				CLANG_WARN_CONSTANT_CONVERSION = YES;
				CLANG_WARN_DEPRECATED_OBJC_IMPLEMENTATIONS = YES;
				CLANG_WARN_DIRECT_OBJC_ISA_USAGE = YES_ERROR;
				CLANG_WARN_DOCUMENTATION_COMMENTS = YES;
				CLANG_WARN_EMPTY_BODY = YES;
				CLANG_WARN_ENUM_CONVERSION = YES;
				CLANG_WARN_INFINITE_RECURSION = YES;
				CLANG_WARN_INT_CONVERSION = YES;
				CLANG_WARN_NON_LITERAL_NULL_CONVERSION = YES;
				CLANG_WARN_OBJC_IMPLICIT_RETAIN_SELF = YES;
				CLANG_WARN_OBJC_LITERAL_CONVERSION = YES;
				CLANG_WARN_OBJC_ROOT_CLASS = YES_ERROR;
				CLANG_WARN_QUOTED_INCLUDE_IN_FRAMEWORK_HEADER = YES;
				CLANG_WARN_RANGE_LOOP_ANALYSIS = YES;
				CLANG_WARN_STRICT_PROTOTYPES = YES;
				CLANG_WARN_SUSPICIOUS_MOVE = YES;
				CLANG_WARN_UNGUARDED_AVAILABILITY = YES_AGGRESSIVE;
				CLANG_WARN_UNREACHABLE_CODE = YES;
				CLANG_WARN__DUPLICATE_METHOD_MATCH = YES;
				COPY_PHASE_STRIP = NO;
				DEBUG_INFORMATION_FORMAT = "dwarf-with-dsym";
				ENABLE_NS_ASSERTIONS = NO;
				ENABLE_STRICT_OBJC_MSGSEND = YES;
				GCC_C_LANGUAGE_STANDARD = gnu11;
				GCC_NO_COMMON_BLOCKS = YES;
				GCC_WARN_64_TO_32_BIT_CONVERSION = YES;
				GCC_WARN_ABOUT_RETURN_TYPE = YES_ERROR;
				GCC_WARN_UNDECLARED_SELECTOR = YES;
				GCC_WARN_UNINITIALIZED_AUTOS = YES_AGGRESSIVE;
				GCC_WARN_UNUSED_FUNCTION = YES;
				GCC_WARN_UNUSED_VARIABLE = YES;
				IPHONEOS_DEPLOYMENT_TARGET = 10.0;
				MTL_ENABLE_DEBUG_INFO = NO;
				MTL_FAST_MATH = YES;
				SDKROOT = iphoneos;
				VALIDATE_PRODUCT = YES;
			};
			name = Release;
		};
		0A530E8B2891509700FD7EFB /* Debug */ = {
			isa = XCBuildConfiguration;
			buildSettings = {
				CODE_SIGN_STYLE = Automatic;
				DEVELOPMENT_TEAM = QGUGW9AUMK;
				OTHER_LDFLAGS = "-ObjC";
				PRODUCT_NAME = "$(TARGET_NAME)";
				SKIP_INSTALL = YES;
				TARGETED_DEVICE_FAMILY = "1,2";
				USER_HEADER_SEARCH_PATHS = "";
			};
			name = Debug;
		};
		0A530E8C2891509700FD7EFB /* Release */ = {
			isa = XCBuildConfiguration;
			buildSettings = {
				CODE_SIGN_STYLE = Automatic;
				DEVELOPMENT_TEAM = QGUGW9AUMK;
				OTHER_LDFLAGS = "-ObjC";
				PRODUCT_NAME = "$(TARGET_NAME)";
				SKIP_INSTALL = YES;
				TARGETED_DEVICE_FAMILY = "1,2";
				USER_HEADER_SEARCH_PATHS = "";
			};
			name = Release;
		};
/* End XCBuildConfiguration section */

/* Begin XCConfigurationList section */
		0A530E7C2891509700FD7EFB /* Build configuration list for PBXProject "AdjustTestLibrary" */ = {
			isa = XCConfigurationList;
			buildConfigurations = (
				0A530E882891509700FD7EFB /* Debug */,
				0A530E892891509700FD7EFB /* Release */,
			);
			defaultConfigurationIsVisible = 0;
			defaultConfigurationName = Release;
		};
		0A530E8A2891509700FD7EFB /* Build configuration list for PBXNativeTarget "AdjustTestLibrary" */ = {
			isa = XCConfigurationList;
			buildConfigurations = (
				0A530E8B2891509700FD7EFB /* Debug */,
				0A530E8C2891509700FD7EFB /* Release */,
			);
			defaultConfigurationIsVisible = 0;
			defaultConfigurationName = Release;
		};
/* End XCConfigurationList section */
	};
	rootObject = 0A530E792891509700FD7EFB /* Project object */;
}
