// !$*UTF8*$!
{
	archiveVersion = 1;
	classes = {
	};
	objectVersion = 56;
	objects = {

/* Begin PBXBuildFile section */
		073935C52941DF82006BF6FF /* adjust.js in Resources */ = {isa = PBXBuildFile; fileRef = 073935C42941DF82006BF6FF /* adjust.js */; };
		073935C72941E8F4006BF6FF /* adjust_event.js in Resources */ = {isa = PBXBuildFile; fileRef = 073935C62941E8F4006BF6FF /* adjust_event.js */; };
		073935C92941F4AC006BF6FF /* adjust_config.js in Resources */ = {isa = PBXBuildFile; fileRef = 073935C82941F4AC006BF6FF /* adjust_config.js */; };
		07558843290A342300A3AD50 /* AppDelegate.m in Sources */ = {isa = PBXBuildFile; fileRef = 07558842290A342300A3AD50 /* AppDelegate.m */; };
		07558849290A342300A3AD50 /* ViewController.m in Sources */ = {isa = PBXBuildFile; fileRef = 07558848290A342300A3AD50 /* ViewController.m */; };
		0755884C290A342300A3AD50 /* Main.storyboard in Resources */ = {isa = PBXBuildFile; fileRef = 0755884A290A342300A3AD50 /* Main.storyboard */; };
		0755884E290A342300A3AD50 /* Assets.xcassets in Resources */ = {isa = PBXBuildFile; fileRef = 0755884D290A342300A3AD50 /* Assets.xcassets */; };
		07558851290A342300A3AD50 /* LaunchScreen.storyboard in Resources */ = {isa = PBXBuildFile; fileRef = 0755884F290A342300A3AD50 /* LaunchScreen.storyboard */; };
		07558854290A342300A3AD50 /* main.m in Sources */ = {isa = PBXBuildFile; fileRef = 07558853290A342300A3AD50 /* main.m */; };
		0755885D290A407A00A3AD50 /* AdjustExample-WebView.html in Resources */ = {isa = PBXBuildFile; fileRef = 0755885C290A407A00A3AD50 /* AdjustExample-WebView.html */; };
		076D696E2941F731006FF6D3 /* adjust_third_party_sharing.js in Resources */ = {isa = PBXBuildFile; fileRef = 076D696D2941F731006FF6D3 /* adjust_third_party_sharing.js */; };
		076D697029420DB3006FF6D3 /* adjust_revenue.js in Resources */ = {isa = PBXBuildFile; fileRef = 076D696F29420DB3006FF6D3 /* adjust_revenue.js */; };
		AF43E8D596501442A19AF42E /* Pods_AdjustExample_WebView.framework in Frameworks */ = {isa = PBXBuildFile; fileRef = 20A45DBAA85F58CFB0586EB1 /* Pods_AdjustExample_WebView.framework */; };
/* End PBXBuildFile section */

/* Begin PBXFileReference section */
		073935C42941DF82006BF6FF /* adjust.js */ = {isa = PBXFileReference; lastKnownFileType = sourcecode.javascript; path = adjust.js; sourceTree = "<group>"; };
		073935C62941E8F4006BF6FF /* adjust_event.js */ = {isa = PBXFileReference; lastKnownFileType = sourcecode.javascript; path = adjust_event.js; sourceTree = "<group>"; };
		073935C82941F4AC006BF6FF /* adjust_config.js */ = {isa = PBXFileReference; lastKnownFileType = sourcecode.javascript; path = adjust_config.js; sourceTree = "<group>"; };
		0755883E290A342300A3AD50 /* AdjustExample-WebView.app */ = {isa = PBXFileReference; explicitFileType = wrapper.application; includeInIndex = 0; path = "AdjustExample-WebView.app"; sourceTree = BUILT_PRODUCTS_DIR; };
		07558841290A342300A3AD50 /* AppDelegate.h */ = {isa = PBXFileReference; lastKnownFileType = sourcecode.c.h; path = AppDelegate.h; sourceTree = "<group>"; };
		07558842290A342300A3AD50 /* AppDelegate.m */ = {isa = PBXFileReference; lastKnownFileType = sourcecode.c.objc; path = AppDelegate.m; sourceTree = "<group>"; };
		07558847290A342300A3AD50 /* ViewController.h */ = {isa = PBXFileReference; lastKnownFileType = sourcecode.c.h; path = ViewController.h; sourceTree = "<group>"; };
		07558848290A342300A3AD50 /* ViewController.m */ = {isa = PBXFileReference; lastKnownFileType = sourcecode.c.objc; path = ViewController.m; sourceTree = "<group>"; };
		0755884B290A342300A3AD50 /* Base */ = {isa = PBXFileReference; lastKnownFileType = file.storyboard; name = Base; path = Base.lproj/Main.storyboard; sourceTree = "<group>"; };
		0755884D290A342300A3AD50 /* Assets.xcassets */ = {isa = PBXFileReference; lastKnownFileType = folder.assetcatalog; path = Assets.xcassets; sourceTree = "<group>"; };
		07558850290A342300A3AD50 /* Base */ = {isa = PBXFileReference; lastKnownFileType = file.storyboard; name = Base; path = Base.lproj/LaunchScreen.storyboard; sourceTree = "<group>"; };
		07558852290A342300A3AD50 /* Info.plist */ = {isa = PBXFileReference; lastKnownFileType = text.plist.xml; path = Info.plist; sourceTree = "<group>"; };
		07558853290A342300A3AD50 /* main.m */ = {isa = PBXFileReference; lastKnownFileType = sourcecode.c.objc; path = main.m; sourceTree = "<group>"; };
		0755885C290A407A00A3AD50 /* AdjustExample-WebView.html */ = {isa = PBXFileReference; fileEncoding = 4; lastKnownFileType = text.html; path = "AdjustExample-WebView.html"; sourceTree = "<group>"; };
		076D696D2941F731006FF6D3 /* adjust_third_party_sharing.js */ = {isa = PBXFileReference; lastKnownFileType = sourcecode.javascript; path = adjust_third_party_sharing.js; sourceTree = "<group>"; };
		076D696F29420DB3006FF6D3 /* adjust_revenue.js */ = {isa = PBXFileReference; lastKnownFileType = sourcecode.javascript; path = adjust_revenue.js; sourceTree = "<group>"; };
		20A45DBAA85F58CFB0586EB1 /* Pods_AdjustExample_WebView.framework */ = {isa = PBXFileReference; explicitFileType = wrapper.framework; includeInIndex = 0; path = Pods_AdjustExample_WebView.framework; sourceTree = BUILT_PRODUCTS_DIR; };
		B65FDE5BDE1516D7B9A86994 /* Pods-AdjustExample-WebView.release.xcconfig */ = {isa = PBXFileReference; includeInIndex = 1; lastKnownFileType = text.xcconfig; name = "Pods-AdjustExample-WebView.release.xcconfig"; path = "Target Support Files/Pods-AdjustExample-WebView/Pods-AdjustExample-WebView.release.xcconfig"; sourceTree = "<group>"; };
		BCF06B57F6BFD1E16D3ED973 /* Pods-AdjustExample-WebView.debug.xcconfig */ = {isa = PBXFileReference; includeInIndex = 1; lastKnownFileType = text.xcconfig; name = "Pods-AdjustExample-WebView.debug.xcconfig"; path = "Target Support Files/Pods-AdjustExample-WebView/Pods-AdjustExample-WebView.debug.xcconfig"; sourceTree = "<group>"; };
/* End PBXFileReference section */

/* Begin PBXFrameworksBuildPhase section */
		0755883B290A342300A3AD50 /* Frameworks */ = {
			isa = PBXFrameworksBuildPhase;
			buildActionMask = 2147483647;
			files = (
				AF43E8D596501442A19AF42E /* Pods_AdjustExample_WebView.framework in Frameworks */,
			);
			runOnlyForDeploymentPostprocessing = 0;
		};
/* End PBXFrameworksBuildPhase section */

/* Begin PBXGroup section */
		07558835290A342300A3AD50 = {
			isa = PBXGroup;
			children = (
				07558840290A342300A3AD50 /* AdjustExample-WebView */,
				0755883F290A342300A3AD50 /* Products */,
				E5747A85914CE53DFA69BF1D /* Pods */,
				5BE5E914E7AF954141099281 /* Frameworks */,
			);
			sourceTree = "<group>";
		};
		0755883F290A342300A3AD50 /* Products */ = {
			isa = PBXGroup;
			children = (
				0755883E290A342300A3AD50 /* AdjustExample-WebView.app */,
			);
			name = Products;
			sourceTree = "<group>";
		};
		07558840290A342300A3AD50 /* AdjustExample-WebView */ = {
			isa = PBXGroup;
			children = (
				07558841290A342300A3AD50 /* AppDelegate.h */,
				07558842290A342300A3AD50 /* AppDelegate.m */,
				07558847290A342300A3AD50 /* ViewController.h */,
				07558848290A342300A3AD50 /* ViewController.m */,
				0755885C290A407A00A3AD50 /* AdjustExample-WebView.html */,
				073935C42941DF82006BF6FF /* adjust.js */,
				073935C62941E8F4006BF6FF /* adjust_event.js */,
				076D696F29420DB3006FF6D3 /* adjust_revenue.js */,
				073935C82941F4AC006BF6FF /* adjust_config.js */,
				076D696D2941F731006FF6D3 /* adjust_third_party_sharing.js */,
				0755884A290A342300A3AD50 /* Main.storyboard */,
				0755884D290A342300A3AD50 /* Assets.xcassets */,
				0755884F290A342300A3AD50 /* LaunchScreen.storyboard */,
				07558852290A342300A3AD50 /* Info.plist */,
				07558853290A342300A3AD50 /* main.m */,
			);
			path = "AdjustExample-WebView";
			sourceTree = "<group>";
		};
		5BE5E914E7AF954141099281 /* Frameworks */ = {
			isa = PBXGroup;
			children = (
				20A45DBAA85F58CFB0586EB1 /* Pods_AdjustExample_WebView.framework */,
			);
			name = Frameworks;
			sourceTree = "<group>";
		};
		E5747A85914CE53DFA69BF1D /* Pods */ = {
			isa = PBXGroup;
			children = (
				BCF06B57F6BFD1E16D3ED973 /* Pods-AdjustExample-WebView.debug.xcconfig */,
				B65FDE5BDE1516D7B9A86994 /* Pods-AdjustExample-WebView.release.xcconfig */,
			);
			path = Pods;
			sourceTree = "<group>";
		};
/* End PBXGroup section */

/* Begin PBXNativeTarget section */
		0755883D290A342300A3AD50 /* AdjustExample-WebView */ = {
			isa = PBXNativeTarget;
			buildConfigurationList = 07558857290A342300A3AD50 /* Build configuration list for PBXNativeTarget "AdjustExample-WebView" */;
			buildPhases = (
				BC6B846B6879D91ABAB28C1A /* [CP] Check Pods Manifest.lock */,
				0755883A290A342300A3AD50 /* Sources */,
				0755883B290A342300A3AD50 /* Frameworks */,
				0755883C290A342300A3AD50 /* Resources */,
				9DDAD1930C6E94F175DDAC73 /* [CP] Embed Pods Frameworks */,
			);
			buildRules = (
			);
			dependencies = (
			);
			name = "AdjustExample-WebView";
			productName = "AdjustExample-WebView";
			productReference = 0755883E290A342300A3AD50 /* AdjustExample-WebView.app */;
			productType = "com.apple.product-type.application";
		};
/* End PBXNativeTarget section */

/* Begin PBXProject section */
		07558836290A342300A3AD50 /* Project object */ = {
			isa = PBXProject;
			attributes = {
				BuildIndependentTargetsInParallel = 1;
				LastUpgradeCheck = 1400;
				TargetAttributes = {
					0755883D290A342300A3AD50 = {
						CreatedOnToolsVersion = 14.0;
					};
				};
			};
			buildConfigurationList = 07558839290A342300A3AD50 /* Build configuration list for PBXProject "AdjustExample-WebView" */;
			compatibilityVersion = "Xcode 14.0";
			developmentRegion = en;
			hasScannedForEncodings = 0;
			knownRegions = (
				en,
				Base,
			);
			mainGroup = 07558835290A342300A3AD50;
			productRefGroup = 0755883F290A342300A3AD50 /* Products */;
			projectDirPath = "";
			projectRoot = "";
			targets = (
				0755883D290A342300A3AD50 /* AdjustExample-WebView */,
			);
		};
/* End PBXProject section */

/* Begin PBXResourcesBuildPhase section */
		0755883C290A342300A3AD50 /* Resources */ = {
			isa = PBXResourcesBuildPhase;
			buildActionMask = 2147483647;
			files = (
				073935C52941DF82006BF6FF /* adjust.js in Resources */,
				07558851290A342300A3AD50 /* LaunchScreen.storyboard in Resources */,
				076D697029420DB3006FF6D3 /* adjust_revenue.js in Resources */,
				073935C72941E8F4006BF6FF /* adjust_event.js in Resources */,
				0755884E290A342300A3AD50 /* Assets.xcassets in Resources */,
				0755885D290A407A00A3AD50 /* AdjustExample-WebView.html in Resources */,
				0755884C290A342300A3AD50 /* Main.storyboard in Resources */,
				073935C92941F4AC006BF6FF /* adjust_config.js in Resources */,
				076D696E2941F731006FF6D3 /* adjust_third_party_sharing.js in Resources */,
			);
			runOnlyForDeploymentPostprocessing = 0;
		};
/* End PBXResourcesBuildPhase section */

/* Begin PBXShellScriptBuildPhase section */
		9DDAD1930C6E94F175DDAC73 /* [CP] Embed Pods Frameworks */ = {
			isa = PBXShellScriptBuildPhase;
			buildActionMask = 2147483647;
			files = (
			);
			inputFileListPaths = (
				"${PODS_ROOT}/Target Support Files/Pods-AdjustExample-WebView/Pods-AdjustExample-WebView-frameworks-${CONFIGURATION}-input-files.xcfilelist",
			);
			name = "[CP] Embed Pods Frameworks";
			outputFileListPaths = (
				"${PODS_ROOT}/Target Support Files/Pods-AdjustExample-WebView/Pods-AdjustExample-WebView-frameworks-${CONFIGURATION}-output-files.xcfilelist",
			);
			runOnlyForDeploymentPostprocessing = 0;
			shellPath = /bin/sh;
			shellScript = "\"${PODS_ROOT}/Target Support Files/Pods-AdjustExample-WebView/Pods-AdjustExample-WebView-frameworks.sh\"\n";
			showEnvVarsInLog = 0;
		};
		BC6B846B6879D91ABAB28C1A /* [CP] Check Pods Manifest.lock */ = {
			isa = PBXShellScriptBuildPhase;
			buildActionMask = 2147483647;
			files = (
			);
			inputFileListPaths = (
			);
			inputPaths = (
				"${PODS_PODFILE_DIR_PATH}/Podfile.lock",
				"${PODS_ROOT}/Manifest.lock",
			);
			name = "[CP] Check Pods Manifest.lock";
			outputFileListPaths = (
			);
			outputPaths = (
				"$(DERIVED_FILE_DIR)/Pods-AdjustExample-WebView-checkManifestLockResult.txt",
			);
			runOnlyForDeploymentPostprocessing = 0;
			shellPath = /bin/sh;
			shellScript = "diff \"${PODS_PODFILE_DIR_PATH}/Podfile.lock\" \"${PODS_ROOT}/Manifest.lock\" > /dev/null\nif [ $? != 0 ] ; then\n    # print error to STDERR\n    echo \"error: The sandbox is not in sync with the Podfile.lock. Run 'pod install' or update your CocoaPods installation.\" >&2\n    exit 1\nfi\n# This output is used by Xcode 'outputs' to avoid re-running this script phase.\necho \"SUCCESS\" > \"${SCRIPT_OUTPUT_FILE_0}\"\n";
			showEnvVarsInLog = 0;
		};
/* End PBXShellScriptBuildPhase section */

/* Begin PBXSourcesBuildPhase section */
		0755883A290A342300A3AD50 /* Sources */ = {
			isa = PBXSourcesBuildPhase;
			buildActionMask = 2147483647;
			files = (
				07558849290A342300A3AD50 /* ViewController.m in Sources */,
				07558843290A342300A3AD50 /* AppDelegate.m in Sources */,
				07558854290A342300A3AD50 /* main.m in Sources */,
			);
			runOnlyForDeploymentPostprocessing = 0;
		};
/* End PBXSourcesBuildPhase section */

/* Begin PBXVariantGroup section */
		0755884A290A342300A3AD50 /* Main.storyboard */ = {
			isa = PBXVariantGroup;
			children = (
				0755884B290A342300A3AD50 /* Base */,
			);
			name = Main.storyboard;
			sourceTree = "<group>";
		};
		0755884F290A342300A3AD50 /* LaunchScreen.storyboard */ = {
			isa = PBXVariantGroup;
			children = (
				07558850290A342300A3AD50 /* Base */,
			);
			name = LaunchScreen.storyboard;
			sourceTree = "<group>";
		};
/* End PBXVariantGroup section */

/* Begin XCBuildConfiguration section */
		07558855290A342300A3AD50 /* Debug */ = {
			isa = XCBuildConfiguration;
			buildSettings = {
				ALWAYS_SEARCH_USER_PATHS = NO;
				CLANG_ANALYZER_NONNULL = YES;
				CLANG_ANALYZER_NUMBER_OBJECT_CONVERSION = YES_AGGRESSIVE;
				CLANG_CXX_LANGUAGE_STANDARD = "gnu++20";
				CLANG_ENABLE_MODULES = YES;
				CLANG_ENABLE_OBJC_ARC = YES;
				CLANG_ENABLE_OBJC_WEAK = YES;
				CLANG_WARN_BLOCK_CAPTURE_AUTORELEASING = YES;
				CLANG_WARN_BOOL_CONVERSION = YES;
				CLANG_WARN_COMMA = YES;
				CLANG_WARN_CONSTANT_CONVERSION = YES;
				CLANG_WARN_DEPRECATED_OBJC_IMPLEMENTATIONS = YES;
				CLANG_WARN_DIRECT_OBJC_ISA_USAGE = YES_ERROR;
				CLANG_WARN_DOCUMENTATION_COMMENTS = YES;
				CLANG_WARN_EMPTY_BODY = YES;
				CLANG_WARN_ENUM_CONVERSION = YES;
				CLANG_WARN_INFINITE_RECURSION = YES;
				CLANG_WARN_INT_CONVERSION = YES;
				CLANG_WARN_NON_LITERAL_NULL_CONVERSION = YES;
				CLANG_WARN_OBJC_IMPLICIT_RETAIN_SELF = YES;
				CLANG_WARN_OBJC_LITERAL_CONVERSION = YES;
				CLANG_WARN_OBJC_ROOT_CLASS = YES_ERROR;
				CLANG_WARN_QUOTED_INCLUDE_IN_FRAMEWORK_HEADER = YES;
				CLANG_WARN_RANGE_LOOP_ANALYSIS = YES;
				CLANG_WARN_STRICT_PROTOTYPES = YES;
				CLANG_WARN_SUSPICIOUS_MOVE = YES;
				CLANG_WARN_UNGUARDED_AVAILABILITY = YES_AGGRESSIVE;
				CLANG_WARN_UNREACHABLE_CODE = YES;
				CLANG_WARN__DUPLICATE_METHOD_MATCH = YES;
				COPY_PHASE_STRIP = NO;
				DEBUG_INFORMATION_FORMAT = dwarf;
				ENABLE_STRICT_OBJC_MSGSEND = YES;
				ENABLE_TESTABILITY = YES;
				GCC_C_LANGUAGE_STANDARD = gnu11;
				GCC_DYNAMIC_NO_PIC = NO;
				GCC_NO_COMMON_BLOCKS = YES;
				GCC_OPTIMIZATION_LEVEL = 0;
				GCC_PREPROCESSOR_DEFINITIONS = (
					"DEBUG=1",
					"$(inherited)",
				);
				GCC_WARN_64_TO_32_BIT_CONVERSION = YES;
				GCC_WARN_ABOUT_RETURN_TYPE = YES_ERROR;
				GCC_WARN_UNDECLARED_SELECTOR = YES;
				GCC_WARN_UNINITIALIZED_AUTOS = YES_AGGRESSIVE;
				GCC_WARN_UNUSED_FUNCTION = YES;
				GCC_WARN_UNUSED_VARIABLE = YES;
				IPHONEOS_DEPLOYMENT_TARGET = 16.0;
				MTL_ENABLE_DEBUG_INFO = INCLUDE_SOURCE;
				MTL_FAST_MATH = YES;
				ONLY_ACTIVE_ARCH = YES;
				SDKROOT = iphoneos;
			};
			name = Debug;
		};
		07558856290A342300A3AD50 /* Release */ = {
			isa = XCBuildConfiguration;
			buildSettings = {
				ALWAYS_SEARCH_USER_PATHS = NO;
				CLANG_ANALYZER_NONNULL = YES;
				CLANG_ANALYZER_NUMBER_OBJECT_CONVERSION = YES_AGGRESSIVE;
				CLANG_CXX_LANGUAGE_STANDARD = "gnu++20";
				CLANG_ENABLE_MODULES = YES;
				CLANG_ENABLE_OBJC_ARC = YES;
				CLANG_ENABLE_OBJC_WEAK = YES;
				CLANG_WARN_BLOCK_CAPTURE_AUTORELEASING = YES;
				CLANG_WARN_BOOL_CONVERSION = YES;
				CLANG_WARN_COMMA = YES;
				CLANG_WARN_CONSTANT_CONVERSION = YES;
				CLANG_WARN_DEPRECATED_OBJC_IMPLEMENTATIONS = YES;
				CLANG_WARN_DIRECT_OBJC_ISA_USAGE = YES_ERROR;
				CLANG_WARN_DOCUMENTATION_COMMENTS = YES;
				CLANG_WARN_EMPTY_BODY = YES;
				CLANG_WARN_ENUM_CONVERSION = YES;
				CLANG_WARN_INFINITE_RECURSION = YES;
				CLANG_WARN_INT_CONVERSION = YES;
				CLANG_WARN_NON_LITERAL_NULL_CONVERSION = YES;
				CLANG_WARN_OBJC_IMPLICIT_RETAIN_SELF = YES;
				CLANG_WARN_OBJC_LITERAL_CONVERSION = YES;
				CLANG_WARN_OBJC_ROOT_CLASS = YES_ERROR;
				CLANG_WARN_QUOTED_INCLUDE_IN_FRAMEWORK_HEADER = YES;
				CLANG_WARN_RANGE_LOOP_ANALYSIS = YES;
				CLANG_WARN_STRICT_PROTOTYPES = YES;
				CLANG_WARN_SUSPICIOUS_MOVE = YES;
				CLANG_WARN_UNGUARDED_AVAILABILITY = YES_AGGRESSIVE;
				CLANG_WARN_UNREACHABLE_CODE = YES;
				CLANG_WARN__DUPLICATE_METHOD_MATCH = YES;
				COPY_PHASE_STRIP = NO;
				DEBUG_INFORMATION_FORMAT = "dwarf-with-dsym";
				ENABLE_NS_ASSERTIONS = NO;
				ENABLE_STRICT_OBJC_MSGSEND = YES;
				GCC_C_LANGUAGE_STANDARD = gnu11;
				GCC_NO_COMMON_BLOCKS = YES;
				GCC_WARN_64_TO_32_BIT_CONVERSION = YES;
				GCC_WARN_ABOUT_RETURN_TYPE = YES_ERROR;
				GCC_WARN_UNDECLARED_SELECTOR = YES;
				GCC_WARN_UNINITIALIZED_AUTOS = YES_AGGRESSIVE;
				GCC_WARN_UNUSED_FUNCTION = YES;
				GCC_WARN_UNUSED_VARIABLE = YES;
				IPHONEOS_DEPLOYMENT_TARGET = 16.0;
				MTL_ENABLE_DEBUG_INFO = NO;
				MTL_FAST_MATH = YES;
				SDKROOT = iphoneos;
				VALIDATE_PRODUCT = YES;
			};
			name = Release;
		};
		07558858290A342300A3AD50 /* Debug */ = {
			isa = XCBuildConfiguration;
			baseConfigurationReference = BCF06B57F6BFD1E16D3ED973 /* Pods-AdjustExample-WebView.debug.xcconfig */;
			buildSettings = {
				ASSETCATALOG_COMPILER_APPICON_NAME = AppIcon;
				ASSETCATALOG_COMPILER_GLOBAL_ACCENT_COLOR_NAME = AccentColor;
				CODE_SIGN_STYLE = Automatic;
				CURRENT_PROJECT_VERSION = 1;
				GENERATE_INFOPLIST_FILE = YES;
				INFOPLIST_FILE = "AdjustExample-WebView/Info.plist";
				INFOPLIST_KEY_UIApplicationSupportsIndirectInputEvents = YES;
				INFOPLIST_KEY_UILaunchStoryboardName = LaunchScreen;
				INFOPLIST_KEY_UIMainStoryboardFile = Main;
				INFOPLIST_KEY_UISupportedInterfaceOrientations_iPad = "UIInterfaceOrientationPortrait UIInterfaceOrientationPortraitUpsideDown UIInterfaceOrientationLandscapeLeft UIInterfaceOrientationLandscapeRight";
				INFOPLIST_KEY_UISupportedInterfaceOrientations_iPhone = "UIInterfaceOrientationPortrait UIInterfaceOrientationLandscapeLeft UIInterfaceOrientationLandscapeRight";
				LD_RUNPATH_SEARCH_PATHS = (
					"$(inherited)",
					"@executable_path/Frameworks",
				);
				MARKETING_VERSION = 1.0;
				PRODUCT_BUNDLE_IDENTIFIER = "com.adjust.example.AdjustExample-WebView";
				PRODUCT_NAME = "$(TARGET_NAME)";
				SWIFT_EMIT_LOC_STRINGS = YES;
				TARGETED_DEVICE_FAMILY = "1,2";
			};
			name = Debug;
		};
		07558859290A342300A3AD50 /* Release */ = {
			isa = XCBuildConfiguration;
			baseConfigurationReference = B65FDE5BDE1516D7B9A86994 /* Pods-AdjustExample-WebView.release.xcconfig */;
			buildSettings = {
				ASSETCATALOG_COMPILER_APPICON_NAME = AppIcon;
				ASSETCATALOG_COMPILER_GLOBAL_ACCENT_COLOR_NAME = AccentColor;
				CODE_SIGN_STYLE = Automatic;
				CURRENT_PROJECT_VERSION = 1;
				GENERATE_INFOPLIST_FILE = YES;
				INFOPLIST_FILE = "AdjustExample-WebView/Info.plist";
				INFOPLIST_KEY_UIApplicationSupportsIndirectInputEvents = YES;
				INFOPLIST_KEY_UILaunchStoryboardName = LaunchScreen;
				INFOPLIST_KEY_UIMainStoryboardFile = Main;
				INFOPLIST_KEY_UISupportedInterfaceOrientations_iPad = "UIInterfaceOrientationPortrait UIInterfaceOrientationPortraitUpsideDown UIInterfaceOrientationLandscapeLeft UIInterfaceOrientationLandscapeRight";
				INFOPLIST_KEY_UISupportedInterfaceOrientations_iPhone = "UIInterfaceOrientationPortrait UIInterfaceOrientationLandscapeLeft UIInterfaceOrientationLandscapeRight";
				LD_RUNPATH_SEARCH_PATHS = (
					"$(inherited)",
					"@executable_path/Frameworks",
				);
				MARKETING_VERSION = 1.0;
				PRODUCT_BUNDLE_IDENTIFIER = "com.adjust.example.AdjustExample-WebView";
				PRODUCT_NAME = "$(TARGET_NAME)";
				SWIFT_EMIT_LOC_STRINGS = YES;
				TARGETED_DEVICE_FAMILY = "1,2";
			};
			name = Release;
		};
/* End XCBuildConfiguration section */

/* Begin XCConfigurationList section */
		07558839290A342300A3AD50 /* Build configuration list for PBXProject "AdjustExample-WebView" */ = {
			isa = XCConfigurationList;
			buildConfigurations = (
				07558855290A342300A3AD50 /* Debug */,
				07558856290A342300A3AD50 /* Release */,
			);
			defaultConfigurationIsVisible = 0;
			defaultConfigurationName = Release;
		};
		07558857290A342300A3AD50 /* Build configuration list for PBXNativeTarget "AdjustExample-WebView" */ = {
			isa = XCConfigurationList;
			buildConfigurations = (
				07558858290A342300A3AD50 /* Debug */,
				07558859290A342300A3AD50 /* Release */,
			);
			defaultConfigurationIsVisible = 0;
			defaultConfigurationName = Release;
		};
/* End XCConfigurationList section */
	};
	rootObject = 07558836290A342300A3AD50 /* Project object */;
}
